// !$*UTF8*$!
{
	archiveVersion = 1;
	classes = {
	};
	objectVersion = 50;
	objects = {

/* Begin PBXBuildFile section */
		4D0AE08E2694416E00A24235 /* Award.swift in Sources */ = {isa = PBXBuildFile; fileRef = 4D0AE08D2694416E00A24235 /* Award.swift */; };
		4D0AE0902694421D00A24235 /* AwardsView.swift in Sources */ = {isa = PBXBuildFile; fileRef = 4D0AE08F2694421D00A24235 /* AwardsView.swift */; };
		4D0DC4FB268B296C00A62B04 /* EditProjectView.swift in Sources */ = {isa = PBXBuildFile; fileRef = 4D0DC4FA268B296C00A62B04 /* EditProjectView.swift */; };
		4D13C0E226848615005CB69C /* EditItemView.swift in Sources */ = {isa = PBXBuildFile; fileRef = 4D13C0E126848615005CB69C /* EditItemView.swift */; };
		4D13C0E426849D4C005CB69C /* ItemRowView.swift in Sources */ = {isa = PBXBuildFile; fileRef = 4D13C0E326849D4C005CB69C /* ItemRowView.swift */; };
		4D16477E2680F24D0049AB27 /* Item-CoreDataHelpers.swift in Sources */ = {isa = PBXBuildFile; fileRef = 4D16477D2680F24D0049AB27 /* Item-CoreDataHelpers.swift */; };
		4D1647802680F39B0049AB27 /* Project-CoreDataHelpers.swift in Sources */ = {isa = PBXBuildFile; fileRef = 4D16477F2680F39B0049AB27 /* Project-CoreDataHelpers.swift */; };
		4D2E9EEF26CEB61100DC82D4 /* UnlockManager.swift in Sources */ = {isa = PBXBuildFile; fileRef = 4D2E9EEE26CEB61100DC82D4 /* UnlockManager.swift */; };
		4D3627B92689AF09009D73A3 /* ProjectHeaderView.swift in Sources */ = {isa = PBXBuildFile; fileRef = 4D3627B82689AF09009D73A3 /* ProjectHeaderView.swift */; };
		4D3627BB2689B2E8009D73A3 /* Colors.xcassets in Resources */ = {isa = PBXBuildFile; fileRef = 4D3627BA2689B2E8009D73A3 /* Colors.xcassets */; };
		4D41C3F626FA248500DCEEEB /* Localizable.strings in Resources */ = {isa = PBXBuildFile; fileRef = 4DB04F81269C4DFC008DD9D8 /* Localizable.strings */; };
		4D41C3F726FA29D400DCEEEB /* Colors.xcassets in Resources */ = {isa = PBXBuildFile; fileRef = 4D3627BA2689B2E8009D73A3 /* Colors.xcassets */; };
		4D41C3F826FA29DF00DCEEEB /* Project-CoreDataHelpers.swift in Sources */ = {isa = PBXBuildFile; fileRef = 4D16477F2680F39B0049AB27 /* Project-CoreDataHelpers.swift */; };
		4D41C3F926FA29E800DCEEEB /* Sequence-Sorting.swift in Sources */ = {isa = PBXBuildFile; fileRef = 4D964D82268EF71C00D5FFCB /* Sequence-Sorting.swift */; };
		4D41C40026FA32CA00DCEEEB /* DataProvider.swift in Sources */ = {isa = PBXBuildFile; fileRef = 4D41C3FA26FA310900DCEEEB /* DataProvider.swift */; };
		4D41C40126FA32D000DCEEEB /* SimpleWidget.swift in Sources */ = {isa = PBXBuildFile; fileRef = 4D41C3FC26FA313D00DCEEEB /* SimpleWidget.swift */; };
		4D41C40226FA32D500DCEEEB /* ComplexWidget.swift in Sources */ = {isa = PBXBuildFile; fileRef = 4D41C3FE26FA317800DCEEEB /* ComplexWidget.swift */; };
		4D43834826E60601007C2DFB /* ProductView.swift in Sources */ = {isa = PBXBuildFile; fileRef = 4D43834726E60601007C2DFB /* ProductView.swift */; };
		4D43834A26E607ED007C2DFB /* UnlockView.swift in Sources */ = {isa = PBXBuildFile; fileRef = 4D43834926E607ED007C2DFB /* UnlockView.swift */; };
		4D467D6926F1D0C100BFCD3D /* WidgetKit.framework in Frameworks */ = {isa = PBXBuildFile; fileRef = 4D467D6826F1D0C100BFCD3D /* WidgetKit.framework */; };
		4D467D6B26F1D0C100BFCD3D /* SwiftUI.framework in Frameworks */ = {isa = PBXBuildFile; fileRef = 4D467D6A26F1D0C100BFCD3D /* SwiftUI.framework */; };
		4D467D6E26F1D0C100BFCD3D /* PortfolioWidget.swift in Sources */ = {isa = PBXBuildFile; fileRef = 4D467D6D26F1D0C100BFCD3D /* PortfolioWidget.swift */; };
		4D467D7026F1D0C400BFCD3D /* Assets.xcassets in Resources */ = {isa = PBXBuildFile; fileRef = 4D467D6F26F1D0C400BFCD3D /* Assets.xcassets */; };
		4D467D7426F1D0C400BFCD3D /* PortfolioWidgetExtension.appex in Embed App Extensions */ = {isa = PBXBuildFile; fileRef = 4D467D6726F1D0C100BFCD3D /* PortfolioWidgetExtension.appex */; settings = {ATTRIBUTES = (RemoveHeadersOnCopy, ); }; };
		4D467D7926F1D15600BFCD3D /* Main.xcdatamodeld in Sources */ = {isa = PBXBuildFile; fileRef = 4DCE2A48267B365100653FE9 /* Main.xcdatamodeld */; };
		4D467D7A26F1D16800BFCD3D /* Item-CoreDataHelpers.swift in Sources */ = {isa = PBXBuildFile; fileRef = 4D16477D2680F24D0049AB27 /* Item-CoreDataHelpers.swift */; };
		4D467D7B26F1D16E00BFCD3D /* DataController.swift in Sources */ = {isa = PBXBuildFile; fileRef = 4DCE2A4B267B3AA900653FE9 /* DataController.swift */; };
		4D467D7D26F1D27E00BFCD3D /* DataController-Reminders.swift in Sources */ = {isa = PBXBuildFile; fileRef = 4D467D7C26F1D27E00BFCD3D /* DataController-Reminders.swift */; };
		4D467D7F26F1D32E00BFCD3D /* DataController-Awards.swift in Sources */ = {isa = PBXBuildFile; fileRef = 4D467D7E26F1D32E00BFCD3D /* DataController-Awards.swift */; };
		4D467D8126F1D42400BFCD3D /* DataController-Review.swift in Sources */ = {isa = PBXBuildFile; fileRef = 4D467D8026F1D42400BFCD3D /* DataController-Review.swift */; };
		4D49DA6C26AE8ED7009C6A78 /* BaseTestCase.swift in Sources */ = {isa = PBXBuildFile; fileRef = 4D49DA6B26AE8ED7009C6A78 /* BaseTestCase.swift */; };
		4D49DA6E26AE9375009C6A78 /* ProjectTests.swift in Sources */ = {isa = PBXBuildFile; fileRef = 4D49DA6D26AE9375009C6A78 /* ProjectTests.swift */; };
		4D49DA7026AE95B6009C6A78 /* AwardTests.swift in Sources */ = {isa = PBXBuildFile; fileRef = 4D49DA6F26AE95B6009C6A78 /* AwardTests.swift */; };
		4D4DE69226EA29D00011799E /* AppDelegate.swift in Sources */ = {isa = PBXBuildFile; fileRef = 4D4DE69126EA29D00011799E /* AppDelegate.swift */; };
		4D4DE69426EA29FD0011799E /* SceneDelegate.swift in Sources */ = {isa = PBXBuildFile; fileRef = 4D4DE69326EA29FD0011799E /* SceneDelegate.swift */; };
		4D4F3F9B26F38AFE00120E55 /* ProjectViewModel.swift in Sources */ = {isa = PBXBuildFile; fileRef = 4D4F3F9A26F38AFE00120E55 /* ProjectViewModel.swift */; };
		4D4F3F9D26F4A87800120E55 /* HomeViewModel.swift in Sources */ = {isa = PBXBuildFile; fileRef = 4D4F3F9C26F4A87800120E55 /* HomeViewModel.swift */; };
		4D6F554E2695B85C00E701C2 /* Color-Additions.swift in Sources */ = {isa = PBXBuildFile; fileRef = 4D6F554D2695B85C00E701C2 /* Color-Additions.swift */; };
		4D7D50852685CF0300A932D4 /* Binding-OnChange.swift in Sources */ = {isa = PBXBuildFile; fileRef = 4D7D50842685CF0300A932D4 /* Binding-OnChange.swift */; };
		4D80B5F526AFE5500092FFEE /* DevelopmentTests.swift in Sources */ = {isa = PBXBuildFile; fileRef = 4D80B5F426AFE5500092FFEE /* DevelopmentTests.swift */; };
		4D80B5F726B136370092FFEE /* ExtensionTests.swift in Sources */ = {isa = PBXBuildFile; fileRef = 4D80B5F626B136370092FFEE /* ExtensionTests.swift */; };
		4D80B5FA26B19D4E0092FFEE /* DecodableDictionary.json in Resources */ = {isa = PBXBuildFile; fileRef = 4D80B5F926B19D4E0092FFEE /* DecodableDictionary.json */; };
		4D80B5FC26B19D9B0092FFEE /* DecodableString.json in Resources */ = {isa = PBXBuildFile; fileRef = 4D80B5FB26B19D9B0092FFEE /* DecodableString.json */; };
		4D80B5FE26B294D90092FFEE /* PerformanceTests.swift in Sources */ = {isa = PBXBuildFile; fileRef = 4D80B5FD26B294D90092FFEE /* PerformanceTests.swift */; };
		4D964D83268EF71C00D5FFCB /* Sequence-Sorting.swift in Sources */ = {isa = PBXBuildFile; fileRef = 4D964D82268EF71C00D5FFCB /* Sequence-Sorting.swift */; };
		4DB04F7F269C4DFC008DD9D8 /* Localizable.strings in Resources */ = {isa = PBXBuildFile; fileRef = 4DB04F81269C4DFC008DD9D8 /* Localizable.strings */; };
		4DB04F84269C4EA4008DD9D8 /* Localizable.stringsdict in Resources */ = {isa = PBXBuildFile; fileRef = 4DB04F86269C4EA4008DD9D8 /* Localizable.stringsdict */; };
		4DB04F89269C4F5C008DD9D8 /* Awards.json in Resources */ = {isa = PBXBuildFile; fileRef = 4DB04F8B269C4F5C008DD9D8 /* Awards.json */; };
		4DB04F8F269EC257008DD9D8 /* ItemListView.swift in Sources */ = {isa = PBXBuildFile; fileRef = 4DB04F8E269EC257008DD9D8 /* ItemListView.swift */; };
		4DB04F91269ED5CB008DD9D8 /* ProjectSummaryView.swift in Sources */ = {isa = PBXBuildFile; fileRef = 4DB04F90269ED5CB008DD9D8 /* ProjectSummaryView.swift */; };
		4DB8E12726AA9E1700212493 /* AssetTests.swift in Sources */ = {isa = PBXBuildFile; fileRef = 4DB8E12626AA9E1700212493 /* AssetTests.swift */; };
		4DB8E12926AAA36400212494 /* LaunchScreen.storyboard in Resources */ = {isa = PBXBuildFile; fileRef = 4DB8E12826AAA36400212493 /* LaunchScreen.storyboard */; };
		4DC518DE26D29FA50016BAAE /* SKProduct-LocalizedPrice.swift in Sources */ = {isa = PBXBuildFile; fileRef = 4DC518DD26D29FA50016BAAE /* SKProduct-LocalizedPrice.swift */; };
		4DC518E026D2A37C0016BAAE /* PurchaseButton.swift in Sources */ = {isa = PBXBuildFile; fileRef = 4DC518DF26D2A37C0016BAAE /* PurchaseButton.swift */; };
		4DCE2A382679E68400653FE9 /* UltimatePortfolioApp.swift in Sources */ = {isa = PBXBuildFile; fileRef = 4DCE2A372679E68400653FE9 /* UltimatePortfolioApp.swift */; };
		4DCE2A3A2679E68400653FE9 /* ContentView.swift in Sources */ = {isa = PBXBuildFile; fileRef = 4DCE2A392679E68400653FE9 /* ContentView.swift */; };
		4DCE2A3C2679E68500653FE9 /* Assets.xcassets in Resources */ = {isa = PBXBuildFile; fileRef = 4DCE2A3B2679E68500653FE9 /* Assets.xcassets */; };
		4DCE2A3F2679E68500653FE9 /* Preview Assets.xcassets in Resources */ = {isa = PBXBuildFile; fileRef = 4DCE2A3E2679E68500653FE9 /* Preview Assets.xcassets */; };
		4DCE2A472679E72200653FE9 /* README.md in Resources */ = {isa = PBXBuildFile; fileRef = 4DCE2A462679E72200653FE9 /* README.md */; };
		4DCE2A4A267B365100653FE9 /* Main.xcdatamodeld in Sources */ = {isa = PBXBuildFile; fileRef = 4DCE2A48267B365100653FE9 /* Main.xcdatamodeld */; };
		4DCE2A4C267B3AA900653FE9 /* DataController.swift in Sources */ = {isa = PBXBuildFile; fileRef = 4DCE2A4B267B3AA900653FE9 /* DataController.swift */; };
		4DCE2A50267B530200653FE9 /* CloudKit.framework in Frameworks */ = {isa = PBXBuildFile; fileRef = 4DCE2A4F267B530200653FE9 /* CloudKit.framework */; };
		4DCE2A52267C97DB00653FE9 /* HomeView.swift in Sources */ = {isa = PBXBuildFile; fileRef = 4DCE2A51267C97DB00653FE9 /* HomeView.swift */; };
		4DCE2A54267C986100653FE9 /* ProjectsView.swift in Sources */ = {isa = PBXBuildFile; fileRef = 4DCE2A53267C986100653FE9 /* ProjectsView.swift */; };
		4DD3BE032692F471000BB49C /* SelectSomethingView.swift in Sources */ = {isa = PBXBuildFile; fileRef = 4DD3BE022692F471000BB49C /* SelectSomethingView.swift */; };
		4DD3BE052692F727000BB49C /* Bundle-Decodable.swift in Sources */ = {isa = PBXBuildFile; fileRef = 4DD3BE042692F727000BB49C /* Bundle-Decodable.swift */; };
		4DF2C89426B3E2AA00A79E05 /* UltimatePortfolioUITests.swift in Sources */ = {isa = PBXBuildFile; fileRef = 4DF2C89326B3E2AA00A79E05 /* UltimatePortfolioUITests.swift */; };
/* End PBXBuildFile section */

/* Begin PBXContainerItemProxy section */
		4D467D7226F1D0C400BFCD3D /* PBXContainerItemProxy */ = {
			isa = PBXContainerItemProxy;
			containerPortal = 4DCE2A2C2679E68400653FE9 /* Project object */;
			proxyType = 1;
			remoteGlobalIDString = 4D467D6626F1D0C100BFCD3D;
			remoteInfo = PortfolioWidgetExtension;
		};
		4DB8E12126AA9C2B00212493 /* PBXContainerItemProxy */ = {
			isa = PBXContainerItemProxy;
			containerPortal = 4DCE2A2C2679E68400653FE9 /* Project object */;
			proxyType = 1;
			remoteGlobalIDString = 4DCE2A332679E68400653FE9;
			remoteInfo = UltimatePortfolio;
		};
		4DF2C89626B3E2AA00A79E05 /* PBXContainerItemProxy */ = {
			isa = PBXContainerItemProxy;
			containerPortal = 4DCE2A2C2679E68400653FE9 /* Project object */;
			proxyType = 1;
			remoteGlobalIDString = 4DCE2A332679E68400653FE9;
			remoteInfo = UltimatePortfolio;
		};
/* End PBXContainerItemProxy section */

/* Begin PBXCopyFilesBuildPhase section */
		4D467D7526F1D0C400BFCD3D /* Embed App Extensions */ = {
			isa = PBXCopyFilesBuildPhase;
			buildActionMask = 2147483647;
			dstPath = "";
			dstSubfolderSpec = 13;
			files = (
				4D467D7426F1D0C400BFCD3D /* PortfolioWidgetExtension.appex in Embed App Extensions */,
			);
			name = "Embed App Extensions";
			runOnlyForDeploymentPostprocessing = 0;
		};
/* End PBXCopyFilesBuildPhase section */

/* Begin PBXFileReference section */
		4D0AE08D2694416E00A24235 /* Award.swift */ = {isa = PBXFileReference; lastKnownFileType = sourcecode.swift; path = Award.swift; sourceTree = "<group>"; };
		4D0AE08F2694421D00A24235 /* AwardsView.swift */ = {isa = PBXFileReference; lastKnownFileType = sourcecode.swift; path = AwardsView.swift; sourceTree = "<group>"; };
		4D0DC4FA268B296C00A62B04 /* EditProjectView.swift */ = {isa = PBXFileReference; lastKnownFileType = sourcecode.swift; path = EditProjectView.swift; sourceTree = "<group>"; };
		4D13C0E126848615005CB69C /* EditItemView.swift */ = {isa = PBXFileReference; lastKnownFileType = sourcecode.swift; path = EditItemView.swift; sourceTree = "<group>"; };
		4D13C0E326849D4C005CB69C /* ItemRowView.swift */ = {isa = PBXFileReference; lastKnownFileType = sourcecode.swift; path = ItemRowView.swift; sourceTree = "<group>"; };
		4D16477D2680F24D0049AB27 /* Item-CoreDataHelpers.swift */ = {isa = PBXFileReference; lastKnownFileType = sourcecode.swift; path = "Item-CoreDataHelpers.swift"; sourceTree = "<group>"; };
		4D16477F2680F39B0049AB27 /* Project-CoreDataHelpers.swift */ = {isa = PBXFileReference; lastKnownFileType = sourcecode.swift; path = "Project-CoreDataHelpers.swift"; sourceTree = "<group>"; };
		4D2E9EEE26CEB61100DC82D4 /* UnlockManager.swift */ = {isa = PBXFileReference; lastKnownFileType = sourcecode.swift; path = UnlockManager.swift; sourceTree = "<group>"; };
		4D2E9EF026CECAF900DC82D4 /* Configuration.storekit */ = {isa = PBXFileReference; lastKnownFileType = text; path = Configuration.storekit; sourceTree = "<group>"; };
		4D3627B82689AF09009D73A3 /* ProjectHeaderView.swift */ = {isa = PBXFileReference; lastKnownFileType = sourcecode.swift; path = ProjectHeaderView.swift; sourceTree = "<group>"; };
		4D3627BA2689B2E8009D73A3 /* Colors.xcassets */ = {isa = PBXFileReference; lastKnownFileType = folder.assetcatalog; path = Colors.xcassets; sourceTree = "<group>"; };
		4D41C3FA26FA310900DCEEEB /* DataProvider.swift */ = {isa = PBXFileReference; lastKnownFileType = sourcecode.swift; path = DataProvider.swift; sourceTree = "<group>"; };
		4D41C3FC26FA313D00DCEEEB /* SimpleWidget.swift */ = {isa = PBXFileReference; lastKnownFileType = sourcecode.swift; path = SimpleWidget.swift; sourceTree = "<group>"; };
		4D41C3FE26FA317800DCEEEB /* ComplexWidget.swift */ = {isa = PBXFileReference; lastKnownFileType = sourcecode.swift; path = ComplexWidget.swift; sourceTree = "<group>"; };
		4D43834726E60601007C2DFB /* ProductView.swift */ = {isa = PBXFileReference; lastKnownFileType = sourcecode.swift; path = ProductView.swift; sourceTree = "<group>"; };
		4D43834926E607ED007C2DFB /* UnlockView.swift */ = {isa = PBXFileReference; lastKnownFileType = sourcecode.swift; path = UnlockView.swift; sourceTree = "<group>"; };
		4D467D6726F1D0C100BFCD3D /* PortfolioWidgetExtension.appex */ = {isa = PBXFileReference; explicitFileType = "wrapper.app-extension"; includeInIndex = 0; path = PortfolioWidgetExtension.appex; sourceTree = BUILT_PRODUCTS_DIR; };
		4D467D6826F1D0C100BFCD3D /* WidgetKit.framework */ = {isa = PBXFileReference; lastKnownFileType = wrapper.framework; name = WidgetKit.framework; path = System/Library/Frameworks/WidgetKit.framework; sourceTree = SDKROOT; };
		4D467D6A26F1D0C100BFCD3D /* SwiftUI.framework */ = {isa = PBXFileReference; lastKnownFileType = wrapper.framework; name = SwiftUI.framework; path = System/Library/Frameworks/SwiftUI.framework; sourceTree = SDKROOT; };
		4D467D6D26F1D0C100BFCD3D /* PortfolioWidget.swift */ = {isa = PBXFileReference; lastKnownFileType = sourcecode.swift; path = PortfolioWidget.swift; sourceTree = "<group>"; };
		4D467D6F26F1D0C400BFCD3D /* Assets.xcassets */ = {isa = PBXFileReference; lastKnownFileType = folder.assetcatalog; path = Assets.xcassets; sourceTree = "<group>"; };
		4D467D7126F1D0C400BFCD3D /* Info.plist */ = {isa = PBXFileReference; lastKnownFileType = text.plist.xml; path = Info.plist; sourceTree = "<group>"; };
		4D467D7C26F1D27E00BFCD3D /* DataController-Reminders.swift */ = {isa = PBXFileReference; lastKnownFileType = sourcecode.swift; path = "DataController-Reminders.swift"; sourceTree = "<group>"; };
		4D467D7E26F1D32E00BFCD3D /* DataController-Awards.swift */ = {isa = PBXFileReference; lastKnownFileType = sourcecode.swift; path = "DataController-Awards.swift"; sourceTree = "<group>"; };
		4D467D8026F1D42400BFCD3D /* DataController-Review.swift */ = {isa = PBXFileReference; lastKnownFileType = sourcecode.swift; path = "DataController-Review.swift"; sourceTree = "<group>"; };
		4D467D8226F1D8C200BFCD3D /* PortfolioWidgetExtension.entitlements */ = {isa = PBXFileReference; lastKnownFileType = text.plist.entitlements; path = PortfolioWidgetExtension.entitlements; sourceTree = "<group>"; };
		4D49DA6B26AE8ED7009C6A78 /* BaseTestCase.swift */ = {isa = PBXFileReference; lastKnownFileType = sourcecode.swift; path = BaseTestCase.swift; sourceTree = "<group>"; };
		4D49DA6D26AE9375009C6A78 /* ProjectTests.swift */ = {isa = PBXFileReference; lastKnownFileType = sourcecode.swift; path = ProjectTests.swift; sourceTree = "<group>"; };
		4D49DA6F26AE95B6009C6A78 /* AwardTests.swift */ = {isa = PBXFileReference; lastKnownFileType = sourcecode.swift; path = AwardTests.swift; sourceTree = "<group>"; };
		4D4DE69126EA29D00011799E /* AppDelegate.swift */ = {isa = PBXFileReference; lastKnownFileType = sourcecode.swift; path = AppDelegate.swift; sourceTree = "<group>"; };
		4D4DE69326EA29FD0011799E /* SceneDelegate.swift */ = {isa = PBXFileReference; lastKnownFileType = sourcecode.swift; path = SceneDelegate.swift; sourceTree = "<group>"; };
		4D4F3F9A26F38AFE00120E55 /* ProjectViewModel.swift */ = {isa = PBXFileReference; lastKnownFileType = sourcecode.swift; path = ProjectViewModel.swift; sourceTree = "<group>"; };
		4D4F3F9C26F4A87800120E55 /* HomeViewModel.swift */ = {isa = PBXFileReference; lastKnownFileType = sourcecode.swift; path = HomeViewModel.swift; sourceTree = "<group>"; };
		4D6F554D2695B85C00E701C2 /* Color-Additions.swift */ = {isa = PBXFileReference; lastKnownFileType = sourcecode.swift; path = "Color-Additions.swift"; sourceTree = "<group>"; };
		4D7D50842685CF0300A932D4 /* Binding-OnChange.swift */ = {isa = PBXFileReference; lastKnownFileType = sourcecode.swift; path = "Binding-OnChange.swift"; sourceTree = "<group>"; };
		4D80B5F426AFE5500092FFEE /* DevelopmentTests.swift */ = {isa = PBXFileReference; lastKnownFileType = sourcecode.swift; path = DevelopmentTests.swift; sourceTree = "<group>"; };
		4D80B5F626B136370092FFEE /* ExtensionTests.swift */ = {isa = PBXFileReference; lastKnownFileType = sourcecode.swift; path = ExtensionTests.swift; sourceTree = "<group>"; };
		4D80B5F926B19D4E0092FFEE /* DecodableDictionary.json */ = {isa = PBXFileReference; lastKnownFileType = text.json; path = DecodableDictionary.json; sourceTree = "<group>"; };
		4D80B5FB26B19D9B0092FFEE /* DecodableString.json */ = {isa = PBXFileReference; lastKnownFileType = text.json; path = DecodableString.json; sourceTree = "<group>"; };
		4D80B5FD26B294D90092FFEE /* PerformanceTests.swift */ = {isa = PBXFileReference; lastKnownFileType = sourcecode.swift; path = PerformanceTests.swift; sourceTree = "<group>"; };
		4D964D82268EF71C00D5FFCB /* Sequence-Sorting.swift */ = {isa = PBXFileReference; lastKnownFileType = sourcecode.swift; path = "Sequence-Sorting.swift"; sourceTree = "<group>"; };
		4DB04F80269C4DFC008DD9D8 /* en */ = {isa = PBXFileReference; lastKnownFileType = text.plist.strings; name = en; path = en.lproj/Localizable.strings; sourceTree = "<group>"; };
		4DB04F82269C4E02008DD9D8 /* hu */ = {isa = PBXFileReference; lastKnownFileType = text.plist.strings; name = hu; path = hu.lproj/Localizable.strings; sourceTree = "<group>"; };
		4DB04F83269C4E03008DD9D8 /* ru */ = {isa = PBXFileReference; lastKnownFileType = text.plist.strings; name = ru; path = ru.lproj/Localizable.strings; sourceTree = "<group>"; };
		4DB04F85269C4EA4008DD9D8 /* en */ = {isa = PBXFileReference; lastKnownFileType = text.plist.stringsdict; name = en; path = en.lproj/Localizable.stringsdict; sourceTree = "<group>"; };
		4DB04F87269C4EAA008DD9D8 /* hu */ = {isa = PBXFileReference; lastKnownFileType = text.plist.stringsdict; name = hu; path = hu.lproj/Localizable.stringsdict; sourceTree = "<group>"; };
		4DB04F88269C4EAC008DD9D8 /* ru */ = {isa = PBXFileReference; lastKnownFileType = text.plist.stringsdict; name = ru; path = ru.lproj/Localizable.stringsdict; sourceTree = "<group>"; };
		4DB04F8A269C4F5C008DD9D8 /* en */ = {isa = PBXFileReference; lastKnownFileType = text.json; name = en; path = en.lproj/Awards.json; sourceTree = "<group>"; };
		4DB04F8C269C4F61008DD9D8 /* hu */ = {isa = PBXFileReference; lastKnownFileType = text.json; name = hu; path = hu.lproj/Awards.json; sourceTree = "<group>"; };
		4DB04F8D269C4F63008DD9D8 /* ru */ = {isa = PBXFileReference; lastKnownFileType = text.json; name = ru; path = ru.lproj/Awards.json; sourceTree = "<group>"; };
		4DB04F8E269EC257008DD9D8 /* ItemListView.swift */ = {isa = PBXFileReference; lastKnownFileType = sourcecode.swift; path = ItemListView.swift; sourceTree = "<group>"; };
		4DB04F90269ED5CB008DD9D8 /* ProjectSummaryView.swift */ = {isa = PBXFileReference; lastKnownFileType = sourcecode.swift; path = ProjectSummaryView.swift; sourceTree = "<group>"; };
		4DB8E11C26AA9C2B00212493 /* UltimatePortfolioTests.xctest */ = {isa = PBXFileReference; explicitFileType = wrapper.cfbundle; includeInIndex = 0; path = UltimatePortfolioTests.xctest; sourceTree = BUILT_PRODUCTS_DIR; };
		4DB8E12026AA9C2B00212493 /* Info.plist */ = {isa = PBXFileReference; lastKnownFileType = text.plist.xml; path = Info.plist; sourceTree = "<group>"; };
		4DB8E12626AA9E1700212493 /* AssetTests.swift */ = {isa = PBXFileReference; lastKnownFileType = sourcecode.swift; path = AssetTests.swift; sourceTree = "<group>"; };
		4DB8E12826AAA36400212493 /* LaunchScreen.storyboard */ = {isa = PBXFileReference; lastKnownFileType = file.storyboard; path = LaunchScreen.storyboard; sourceTree = "<group>"; };
		4DC518DD26D29FA50016BAAE /* SKProduct-LocalizedPrice.swift */ = {isa = PBXFileReference; lastKnownFileType = sourcecode.swift; path = "SKProduct-LocalizedPrice.swift"; sourceTree = "<group>"; };
		4DC518DF26D2A37C0016BAAE /* PurchaseButton.swift */ = {isa = PBXFileReference; lastKnownFileType = sourcecode.swift; path = PurchaseButton.swift; sourceTree = "<group>"; };
		4DCE2A342679E68400653FE9 /* UltimatePortfolio.app */ = {isa = PBXFileReference; explicitFileType = wrapper.application; includeInIndex = 0; path = UltimatePortfolio.app; sourceTree = BUILT_PRODUCTS_DIR; };
		4DCE2A372679E68400653FE9 /* UltimatePortfolioApp.swift */ = {isa = PBXFileReference; lastKnownFileType = sourcecode.swift; path = UltimatePortfolioApp.swift; sourceTree = "<group>"; };
		4DCE2A392679E68400653FE9 /* ContentView.swift */ = {isa = PBXFileReference; lastKnownFileType = sourcecode.swift; path = ContentView.swift; sourceTree = "<group>"; };
		4DCE2A3B2679E68500653FE9 /* Assets.xcassets */ = {isa = PBXFileReference; lastKnownFileType = folder.assetcatalog; path = Assets.xcassets; sourceTree = "<group>"; };
		4DCE2A3E2679E68500653FE9 /* Preview Assets.xcassets */ = {isa = PBXFileReference; lastKnownFileType = folder.assetcatalog; path = "Preview Assets.xcassets"; sourceTree = "<group>"; };
		4DCE2A402679E68500653FE9 /* Info.plist */ = {isa = PBXFileReference; lastKnownFileType = text.plist.xml; path = Info.plist; sourceTree = "<group>"; };
		4DCE2A462679E72200653FE9 /* README.md */ = {isa = PBXFileReference; fileEncoding = 4; lastKnownFileType = net.daringfireball.markdown; path = README.md; sourceTree = "<group>"; };
		4DCE2A49267B365100653FE9 /* Main.xcdatamodel */ = {isa = PBXFileReference; lastKnownFileType = wrapper.xcdatamodel; path = Main.xcdatamodel; sourceTree = "<group>"; };
		4DCE2A4B267B3AA900653FE9 /* DataController.swift */ = {isa = PBXFileReference; lastKnownFileType = sourcecode.swift; path = DataController.swift; sourceTree = "<group>"; };
		4DCE2A4D267B526100653FE9 /* UltimatePortfolio.entitlements */ = {isa = PBXFileReference; lastKnownFileType = text.plist.entitlements; path = UltimatePortfolio.entitlements; sourceTree = "<group>"; };
		4DCE2A4F267B530200653FE9 /* CloudKit.framework */ = {isa = PBXFileReference; lastKnownFileType = wrapper.framework; name = CloudKit.framework; path = System/Library/Frameworks/CloudKit.framework; sourceTree = SDKROOT; };
		4DCE2A51267C97DB00653FE9 /* HomeView.swift */ = {isa = PBXFileReference; lastKnownFileType = sourcecode.swift; path = HomeView.swift; sourceTree = "<group>"; };
		4DCE2A53267C986100653FE9 /* ProjectsView.swift */ = {isa = PBXFileReference; lastKnownFileType = sourcecode.swift; path = ProjectsView.swift; sourceTree = "<group>"; };
		4DD3BE022692F471000BB49C /* SelectSomethingView.swift */ = {isa = PBXFileReference; lastKnownFileType = sourcecode.swift; path = SelectSomethingView.swift; sourceTree = "<group>"; };
		4DD3BE042692F727000BB49C /* Bundle-Decodable.swift */ = {isa = PBXFileReference; lastKnownFileType = sourcecode.swift; path = "Bundle-Decodable.swift"; sourceTree = "<group>"; };
		4DF2C89126B3E2AA00A79E05 /* UltimatePortfolioUITests.xctest */ = {isa = PBXFileReference; explicitFileType = wrapper.cfbundle; includeInIndex = 0; path = UltimatePortfolioUITests.xctest; sourceTree = BUILT_PRODUCTS_DIR; };
		4DF2C89326B3E2AA00A79E05 /* UltimatePortfolioUITests.swift */ = {isa = PBXFileReference; lastKnownFileType = sourcecode.swift; path = UltimatePortfolioUITests.swift; sourceTree = "<group>"; };
		4DF2C89526B3E2AA00A79E05 /* Info.plist */ = {isa = PBXFileReference; lastKnownFileType = text.plist.xml; path = Info.plist; sourceTree = "<group>"; };
/* End PBXFileReference section */

/* Begin PBXFrameworksBuildPhase section */
		4D467D6426F1D0C100BFCD3D /* Frameworks */ = {
			isa = PBXFrameworksBuildPhase;
			buildActionMask = 2147483647;
			files = (
				4D467D6B26F1D0C100BFCD3D /* SwiftUI.framework in Frameworks */,
				4D467D6926F1D0C100BFCD3D /* WidgetKit.framework in Frameworks */,
			);
			runOnlyForDeploymentPostprocessing = 0;
		};
		4DB8E11926AA9C2B00212493 /* Frameworks */ = {
			isa = PBXFrameworksBuildPhase;
			buildActionMask = 2147483647;
			files = (
			);
			runOnlyForDeploymentPostprocessing = 0;
		};
		4DCE2A312679E68400653FE9 /* Frameworks */ = {
			isa = PBXFrameworksBuildPhase;
			buildActionMask = 2147483647;
			files = (
				4DCE2A50267B530200653FE9 /* CloudKit.framework in Frameworks */,
			);
			runOnlyForDeploymentPostprocessing = 0;
		};
		4DF2C88E26B3E2AA00A79E05 /* Frameworks */ = {
			isa = PBXFrameworksBuildPhase;
			buildActionMask = 2147483647;
			files = (
			);
			runOnlyForDeploymentPostprocessing = 0;
		};
/* End PBXFrameworksBuildPhase section */

/* Begin PBXGroup section */
		4D43834626E605DC007C2DFB /* Purchases */ = {
			isa = PBXGroup;
			children = (
				4DC518DF26D2A37C0016BAAE /* PurchaseButton.swift */,
				4D43834726E60601007C2DFB /* ProductView.swift */,
				4D43834926E607ED007C2DFB /* UnlockView.swift */,
				4D2E9EEE26CEB61100DC82D4 /* UnlockManager.swift */,
			);
			path = Purchases;
			sourceTree = "<group>";
		};
		4D467D6C26F1D0C100BFCD3D /* PortfolioWidget */ = {
			isa = PBXGroup;
			children = (
				4D467D6D26F1D0C100BFCD3D /* PortfolioWidget.swift */,
				4D41C3FA26FA310900DCEEEB /* DataProvider.swift */,
				4D41C3FC26FA313D00DCEEEB /* SimpleWidget.swift */,
				4D41C3FE26FA317800DCEEEB /* ComplexWidget.swift */,
				4D467D6F26F1D0C400BFCD3D /* Assets.xcassets */,
				4D467D7126F1D0C400BFCD3D /* Info.plist */,
			);
			path = PortfolioWidget;
			sourceTree = "<group>";
		};
		4D6F554A2695B76300E701C2 /* Extensions */ = {
			isa = PBXGroup;
			children = (
				4D16477F2680F39B0049AB27 /* Project-CoreDataHelpers.swift */,
				4DC518DD26D29FA50016BAAE /* SKProduct-LocalizedPrice.swift */,
				4D16477D2680F24D0049AB27 /* Item-CoreDataHelpers.swift */,
				4D467D7C26F1D27E00BFCD3D /* DataController-Reminders.swift */,
				4D467D8026F1D42400BFCD3D /* DataController-Review.swift */,
				4D467D7E26F1D32E00BFCD3D /* DataController-Awards.swift */,
				4DD3BE042692F727000BB49C /* Bundle-Decodable.swift */,
				4D6F554D2695B85C00E701C2 /* Color-Additions.swift */,
				4D7D50842685CF0300A932D4 /* Binding-OnChange.swift */,
				4D964D82268EF71C00D5FFCB /* Sequence-Sorting.swift */,
			);
			path = Extensions;
			sourceTree = "<group>";
		};
		4D80B5F826B19D230092FFEE /* Fixtures */ = {
			isa = PBXGroup;
			children = (
				4D80B5F926B19D4E0092FFEE /* DecodableDictionary.json */,
				4D80B5FB26B19D9B0092FFEE /* DecodableString.json */,
			);
			path = Fixtures;
			sourceTree = "<group>";
		};
		4DB04F9326A94ED0008DD9D8 /* Localization */ = {
			isa = PBXGroup;
			children = (
				4DB04F81269C4DFC008DD9D8 /* Localizable.strings */,
				4DB04F86269C4EA4008DD9D8 /* Localizable.stringsdict */,
			);
			path = Localization;
			sourceTree = "<group>";
		};
		4DB04F9426A94EEB008DD9D8 /* Configuration */ = {
			isa = PBXGroup;
			children = (
				4DCE2A402679E68500653FE9 /* Info.plist */,
				4DCE2A48267B365100653FE9 /* Main.xcdatamodeld */,
				4DB8E12826AAA36400212493 /* LaunchScreen.storyboard */,
				4DCE2A4D267B526100653FE9 /* UltimatePortfolio.entitlements */,
				4D2E9EF026CECAF900DC82D4 /* Configuration.storekit */,
			);
			path = Configuration;
			sourceTree = "<group>";
		};
		4DB04F9526A95082008DD9D8 /* Activities */ = {
			isa = PBXGroup;
			children = (
				4DCE2A392679E68400653FE9 /* ContentView.swift */,
				4DB04F9826A950AA008DD9D8 /* Awards */,
				4DB04F9726A950A2008DD9D8 /* Projects */,
				4DB04F9626A95096008DD9D8 /* Home */,
				4D43834626E605DC007C2DFB /* Purchases */,
			);
			path = Activities;
			sourceTree = "<group>";
		};
		4DB04F9626A95096008DD9D8 /* Home */ = {
			isa = PBXGroup;
			children = (
				4DCE2A51267C97DB00653FE9 /* HomeView.swift */,
				4D4F3F9C26F4A87800120E55 /* HomeViewModel.swift */,
				4DB04F90269ED5CB008DD9D8 /* ProjectSummaryView.swift */,
				4DB04F8E269EC257008DD9D8 /* ItemListView.swift */,
			);
			path = Home;
			sourceTree = "<group>";
		};
		4DB04F9726A950A2008DD9D8 /* Projects */ = {
			isa = PBXGroup;
			children = (
				4DCE2A53267C986100653FE9 /* ProjectsView.swift */,
				4D4F3F9A26F38AFE00120E55 /* ProjectViewModel.swift */,
				4DD3BE022692F471000BB49C /* SelectSomethingView.swift */,
				4D0DC4FA268B296C00A62B04 /* EditProjectView.swift */,
				4D3627B82689AF09009D73A3 /* ProjectHeaderView.swift */,
				4D13C0E126848615005CB69C /* EditItemView.swift */,
				4D13C0E326849D4C005CB69C /* ItemRowView.swift */,
			);
			path = Projects;
			sourceTree = "<group>";
		};
		4DB04F9826A950AA008DD9D8 /* Awards */ = {
			isa = PBXGroup;
			children = (
				4DB04F8B269C4F5C008DD9D8 /* Awards.json */,
				4D0AE08D2694416E00A24235 /* Award.swift */,
				4D0AE08F2694421D00A24235 /* AwardsView.swift */,
			);
			path = Awards;
			sourceTree = "<group>";
		};
		4DB8E11D26AA9C2B00212493 /* UltimatePortfolioTests */ = {
			isa = PBXGroup;
			children = (
				4D80B5F826B19D230092FFEE /* Fixtures */,
				4D49DA6B26AE8ED7009C6A78 /* BaseTestCase.swift */,
				4D80B5F426AFE5500092FFEE /* DevelopmentTests.swift */,
				4D49DA6F26AE95B6009C6A78 /* AwardTests.swift */,
				4D80B5F626B136370092FFEE /* ExtensionTests.swift */,
				4D80B5FD26B294D90092FFEE /* PerformanceTests.swift */,
				4D49DA6D26AE9375009C6A78 /* ProjectTests.swift */,
				4DB8E12626AA9E1700212493 /* AssetTests.swift */,
				4DB8E12026AA9C2B00212493 /* Info.plist */,
			);
			path = UltimatePortfolioTests;
			sourceTree = "<group>";
		};
		4DCE2A2B2679E68400653FE9 = {
			isa = PBXGroup;
			children = (
				4D467D8226F1D8C200BFCD3D /* PortfolioWidgetExtension.entitlements */,
				4DCE2A462679E72200653FE9 /* README.md */,
				4DCE2A362679E68400653FE9 /* UltimatePortfolio */,
				4DB8E11D26AA9C2B00212493 /* UltimatePortfolioTests */,
				4DF2C89226B3E2AA00A79E05 /* UltimatePortfolioUITests */,
				4D467D6C26F1D0C100BFCD3D /* PortfolioWidget */,
				4DCE2A352679E68400653FE9 /* Products */,
				4DCE2A4E267B530200653FE9 /* Frameworks */,
			);
			sourceTree = "<group>";
		};
		4DCE2A352679E68400653FE9 /* Products */ = {
			isa = PBXGroup;
			children = (
				4DCE2A342679E68400653FE9 /* UltimatePortfolio.app */,
				4DB8E11C26AA9C2B00212493 /* UltimatePortfolioTests.xctest */,
				4DF2C89126B3E2AA00A79E05 /* UltimatePortfolioUITests.xctest */,
				4D467D6726F1D0C100BFCD3D /* PortfolioWidgetExtension.appex */,
			);
			name = Products;
			sourceTree = "<group>";
		};
		4DCE2A362679E68400653FE9 /* UltimatePortfolio */ = {
			isa = PBXGroup;
			children = (
				4DB04F9526A95082008DD9D8 /* Activities */,
				4DB04F9426A94EEB008DD9D8 /* Configuration */,
				4DB04F9326A94ED0008DD9D8 /* Localization */,
				4D6F554A2695B76300E701C2 /* Extensions */,
				4DCE2A372679E68400653FE9 /* UltimatePortfolioApp.swift */,
				4DCE2A4B267B3AA900653FE9 /* DataController.swift */,
				4D4DE69126EA29D00011799E /* AppDelegate.swift */,
				4D4DE69326EA29FD0011799E /* SceneDelegate.swift */,
				4D3627BA2689B2E8009D73A3 /* Colors.xcassets */,
				4DCE2A3B2679E68500653FE9 /* Assets.xcassets */,
				4DCE2A3D2679E68500653FE9 /* Preview Content */,
			);
			path = UltimatePortfolio;
			sourceTree = "<group>";
		};
		4DCE2A3D2679E68500653FE9 /* Preview Content */ = {
			isa = PBXGroup;
			children = (
				4DCE2A3E2679E68500653FE9 /* Preview Assets.xcassets */,
			);
			path = "Preview Content";
			sourceTree = "<group>";
		};
		4DCE2A4E267B530200653FE9 /* Frameworks */ = {
			isa = PBXGroup;
			children = (
				4DCE2A4F267B530200653FE9 /* CloudKit.framework */,
				4D467D6826F1D0C100BFCD3D /* WidgetKit.framework */,
				4D467D6A26F1D0C100BFCD3D /* SwiftUI.framework */,
			);
			name = Frameworks;
			sourceTree = "<group>";
		};
		4DF2C89226B3E2AA00A79E05 /* UltimatePortfolioUITests */ = {
			isa = PBXGroup;
			children = (
				4DF2C89326B3E2AA00A79E05 /* UltimatePortfolioUITests.swift */,
				4DF2C89526B3E2AA00A79E05 /* Info.plist */,
			);
			path = UltimatePortfolioUITests;
			sourceTree = "<group>";
		};
/* End PBXGroup section */

/* Begin PBXNativeTarget section */
		4D467D6626F1D0C100BFCD3D /* PortfolioWidgetExtension */ = {
			isa = PBXNativeTarget;
			buildConfigurationList = 4D467D7826F1D0C400BFCD3D /* Build configuration list for PBXNativeTarget "PortfolioWidgetExtension" */;
			buildPhases = (
				4D467D6326F1D0C100BFCD3D /* Sources */,
				4D467D6426F1D0C100BFCD3D /* Frameworks */,
				4D467D6526F1D0C100BFCD3D /* Resources */,
			);
			buildRules = (
			);
			dependencies = (
			);
			name = PortfolioWidgetExtension;
			productName = PortfolioWidgetExtension;
			productReference = 4D467D6726F1D0C100BFCD3D /* PortfolioWidgetExtension.appex */;
			productType = "com.apple.product-type.app-extension";
		};
		4DB8E11B26AA9C2B00212493 /* UltimatePortfolioTests */ = {
			isa = PBXNativeTarget;
			buildConfigurationList = 4DB8E12526AA9C2B00212493 /* Build configuration list for PBXNativeTarget "UltimatePortfolioTests" */;
			buildPhases = (
				4DB8E11826AA9C2B00212493 /* Sources */,
				4DB8E11926AA9C2B00212493 /* Frameworks */,
				4DB8E11A26AA9C2B00212493 /* Resources */,
			);
			buildRules = (
			);
			dependencies = (
				4DB8E12226AA9C2B00212493 /* PBXTargetDependency */,
			);
			name = UltimatePortfolioTests;
			productName = UltimatePortfolioTests;
			productReference = 4DB8E11C26AA9C2B00212493 /* UltimatePortfolioTests.xctest */;
			productType = "com.apple.product-type.bundle.unit-test";
		};
		4DCE2A332679E68400653FE9 /* UltimatePortfolio */ = {
			isa = PBXNativeTarget;
			buildConfigurationList = 4DCE2A432679E68500653FE9 /* Build configuration list for PBXNativeTarget "UltimatePortfolio" */;
			buildPhases = (
				4DCE2A302679E68400653FE9 /* Sources */,
				4DCE2A312679E68400653FE9 /* Frameworks */,
				4DCE2A322679E68400653FE9 /* Resources */,
				4DB04F9226A55BEE008DD9D8 /* SwiftLint */,
				4D467D7526F1D0C400BFCD3D /* Embed App Extensions */,
			);
			buildRules = (
			);
			dependencies = (
				4D467D7326F1D0C400BFCD3D /* PBXTargetDependency */,
			);
			name = UltimatePortfolio;
			productName = UltimatePortfolio;
			productReference = 4DCE2A342679E68400653FE9 /* UltimatePortfolio.app */;
			productType = "com.apple.product-type.application";
		};
		4DF2C89026B3E2AA00A79E05 /* UltimatePortfolioUITests */ = {
			isa = PBXNativeTarget;
			buildConfigurationList = 4DF2C89A26B3E2AA00A79E05 /* Build configuration list for PBXNativeTarget "UltimatePortfolioUITests" */;
			buildPhases = (
				4DF2C88D26B3E2AA00A79E05 /* Sources */,
				4DF2C88E26B3E2AA00A79E05 /* Frameworks */,
				4DF2C88F26B3E2AA00A79E05 /* Resources */,
			);
			buildRules = (
			);
			dependencies = (
				4DF2C89726B3E2AA00A79E05 /* PBXTargetDependency */,
			);
			name = UltimatePortfolioUITests;
			productName = UltimatePortfolioUITests;
			productReference = 4DF2C89126B3E2AA00A79E05 /* UltimatePortfolioUITests.xctest */;
			productType = "com.apple.product-type.bundle.ui-testing";
		};
/* End PBXNativeTarget section */

/* Begin PBXProject section */
		4DCE2A2C2679E68400653FE9 /* Project object */ = {
			isa = PBXProject;
			attributes = {
				LastSwiftUpdateCheck = 1250;
				LastUpgradeCheck = 1300;
				TargetAttributes = {
					4D467D6626F1D0C100BFCD3D = {
						CreatedOnToolsVersion = 12.5.1;
					};
					4DB8E11B26AA9C2B00212493 = {
						CreatedOnToolsVersion = 12.5.1;
						TestTargetID = 4DCE2A332679E68400653FE9;
					};
					4DCE2A332679E68400653FE9 = {
						CreatedOnToolsVersion = 12.5;
					};
					4DF2C89026B3E2AA00A79E05 = {
						CreatedOnToolsVersion = 12.5.1;
						TestTargetID = 4DCE2A332679E68400653FE9;
					};
				};
			};
			buildConfigurationList = 4DCE2A2F2679E68400653FE9 /* Build configuration list for PBXProject "UltimatePortfolio" */;
			compatibilityVersion = "Xcode 9.3";
			developmentRegion = en;
			hasScannedForEncodings = 0;
			knownRegions = (
				en,
				Base,
				hu,
				ru,
			);
			mainGroup = 4DCE2A2B2679E68400653FE9;
			productRefGroup = 4DCE2A352679E68400653FE9 /* Products */;
			projectDirPath = "";
			projectRoot = "";
			targets = (
				4DCE2A332679E68400653FE9 /* UltimatePortfolio */,
				4DB8E11B26AA9C2B00212493 /* UltimatePortfolioTests */,
				4DF2C89026B3E2AA00A79E05 /* UltimatePortfolioUITests */,
				4D467D6626F1D0C100BFCD3D /* PortfolioWidgetExtension */,
			);
		};
/* End PBXProject section */

/* Begin PBXResourcesBuildPhase section */
		4D467D6526F1D0C100BFCD3D /* Resources */ = {
			isa = PBXResourcesBuildPhase;
			buildActionMask = 2147483647;
			files = (
				4D41C3F726FA29D400DCEEEB /* Colors.xcassets in Resources */,
				4D467D7026F1D0C400BFCD3D /* Assets.xcassets in Resources */,
				4D41C3F626FA248500DCEEEB /* Localizable.strings in Resources */,
			);
			runOnlyForDeploymentPostprocessing = 0;
		};
		4DB8E11A26AA9C2B00212493 /* Resources */ = {
			isa = PBXResourcesBuildPhase;
			buildActionMask = 2147483647;
			files = (
				4D80B5FC26B19D9B0092FFEE /* DecodableString.json in Resources */,
				4D80B5FA26B19D4E0092FFEE /* DecodableDictionary.json in Resources */,
			);
			runOnlyForDeploymentPostprocessing = 0;
		};
		4DCE2A322679E68400653FE9 /* Resources */ = {
			isa = PBXResourcesBuildPhase;
			buildActionMask = 2147483647;
			files = (
				4DCE2A472679E72200653FE9 /* README.md in Resources */,
				4DB8E12926AAA36400212494 /* LaunchScreen.storyboard in Resources */,
				4DB04F7F269C4DFC008DD9D8 /* Localizable.strings in Resources */,
				4DB04F89269C4F5C008DD9D8 /* Awards.json in Resources */,
				4D3627BB2689B2E8009D73A3 /* Colors.xcassets in Resources */,
				4DCE2A3F2679E68500653FE9 /* Preview Assets.xcassets in Resources */,
				4DCE2A3C2679E68500653FE9 /* Assets.xcassets in Resources */,
				4DB04F84269C4EA4008DD9D8 /* Localizable.stringsdict in Resources */,
			);
			runOnlyForDeploymentPostprocessing = 0;
		};
		4DF2C88F26B3E2AA00A79E05 /* Resources */ = {
			isa = PBXResourcesBuildPhase;
			buildActionMask = 2147483647;
			files = (
			);
			runOnlyForDeploymentPostprocessing = 0;
		};
/* End PBXResourcesBuildPhase section */

/* Begin PBXShellScriptBuildPhase section */
		4DB04F9226A55BEE008DD9D8 /* SwiftLint */ = {
			isa = PBXShellScriptBuildPhase;
			buildActionMask = 2147483647;
			files = (
			);
			inputFileListPaths = (
			);
			inputPaths = (
			);
			name = SwiftLint;
			outputFileListPaths = (
			);
			outputPaths = (
			);
			runOnlyForDeploymentPostprocessing = 0;
			shellPath = /bin/sh;
			shellScript = "if which swiftlint >/dev/null; then\n  swiftlint\nelse\n  echo \"warning: SwiftLint not installed, download from https://github.com/realm/SwiftLint\"\nfi\n";
		};
/* End PBXShellScriptBuildPhase section */

/* Begin PBXSourcesBuildPhase section */
		4D467D6326F1D0C100BFCD3D /* Sources */ = {
			isa = PBXSourcesBuildPhase;
			buildActionMask = 2147483647;
			files = (
				4D467D7926F1D15600BFCD3D /* Main.xcdatamodeld in Sources */,
				4D467D7B26F1D16E00BFCD3D /* DataController.swift in Sources */,
				4D467D6E26F1D0C100BFCD3D /* PortfolioWidget.swift in Sources */,
				4D41C40126FA32D000DCEEEB /* SimpleWidget.swift in Sources */,
				4D41C40226FA32D500DCEEEB /* ComplexWidget.swift in Sources */,
				4D41C40026FA32CA00DCEEEB /* DataProvider.swift in Sources */,
				4D41C3F926FA29E800DCEEEB /* Sequence-Sorting.swift in Sources */,
				4D467D7A26F1D16800BFCD3D /* Item-CoreDataHelpers.swift in Sources */,
				4D41C3F826FA29DF00DCEEEB /* Project-CoreDataHelpers.swift in Sources */,
			);
			runOnlyForDeploymentPostprocessing = 0;
		};
		4DB8E11826AA9C2B00212493 /* Sources */ = {
			isa = PBXSourcesBuildPhase;
			buildActionMask = 2147483647;
			files = (
				4D80B5FE26B294D90092FFEE /* PerformanceTests.swift in Sources */,
				4DB8E12726AA9E1700212493 /* AssetTests.swift in Sources */,
				4D49DA7026AE95B6009C6A78 /* AwardTests.swift in Sources */,
				4D49DA6C26AE8ED7009C6A78 /* BaseTestCase.swift in Sources */,
				4D80B5F726B136370092FFEE /* ExtensionTests.swift in Sources */,
				4D49DA6E26AE9375009C6A78 /* ProjectTests.swift in Sources */,
				4D80B5F526AFE5500092FFEE /* DevelopmentTests.swift in Sources */,
			);
			runOnlyForDeploymentPostprocessing = 0;
		};
		4DCE2A302679E68400653FE9 /* Sources */ = {
			isa = PBXSourcesBuildPhase;
			buildActionMask = 2147483647;
			files = (
				4D43834826E60601007C2DFB /* ProductView.swift in Sources */,
				4DCE2A54267C986100653FE9 /* ProjectsView.swift in Sources */,
				4D43834A26E607ED007C2DFB /* UnlockView.swift in Sources */,
				4D4F3F9B26F38AFE00120E55 /* ProjectViewModel.swift in Sources */,
				4DB04F91269ED5CB008DD9D8 /* ProjectSummaryView.swift in Sources */,
				4D467D7D26F1D27E00BFCD3D /* DataController-Reminders.swift in Sources */,
				4D3627B92689AF09009D73A3 /* ProjectHeaderView.swift in Sources */,
				4DC518DE26D29FA50016BAAE /* SKProduct-LocalizedPrice.swift in Sources */,
				4D0AE0902694421D00A24235 /* AwardsView.swift in Sources */,
				4DCE2A4A267B365100653FE9 /* Main.xcdatamodeld in Sources */,
				4D1647802680F39B0049AB27 /* Project-CoreDataHelpers.swift in Sources */,
				4D6F554E2695B85C00E701C2 /* Color-Additions.swift in Sources */,
				4D0DC4FB268B296C00A62B04 /* EditProjectView.swift in Sources */,
				4DCE2A4C267B3AA900653FE9 /* DataController.swift in Sources */,
				4D4F3F9D26F4A87800120E55 /* HomeViewModel.swift in Sources */,
				4D2E9EEF26CEB61100DC82D4 /* UnlockManager.swift in Sources */,
				4DD3BE032692F471000BB49C /* SelectSomethingView.swift in Sources */,
				4D467D7F26F1D32E00BFCD3D /* DataController-Awards.swift in Sources */,
				4D0AE08E2694416E00A24235 /* Award.swift in Sources */,
				4D4DE69426EA29FD0011799E /* SceneDelegate.swift in Sources */,
				4D13C0E426849D4C005CB69C /* ItemRowView.swift in Sources */,
				4DC518E026D2A37C0016BAAE /* PurchaseButton.swift in Sources */,
				4DCE2A3A2679E68400653FE9 /* ContentView.swift in Sources */,
				4D7D50852685CF0300A932D4 /* Binding-OnChange.swift in Sources */,
				4D964D83268EF71C00D5FFCB /* Sequence-Sorting.swift in Sources */,
				4D467D8126F1D42400BFCD3D /* DataController-Review.swift in Sources */,
				4DD3BE052692F727000BB49C /* Bundle-Decodable.swift in Sources */,
				4D4DE69226EA29D00011799E /* AppDelegate.swift in Sources */,
				4DB04F8F269EC257008DD9D8 /* ItemListView.swift in Sources */,
				4DCE2A52267C97DB00653FE9 /* HomeView.swift in Sources */,
				4DCE2A382679E68400653FE9 /* UltimatePortfolioApp.swift in Sources */,
				4D16477E2680F24D0049AB27 /* Item-CoreDataHelpers.swift in Sources */,
				4D13C0E226848615005CB69C /* EditItemView.swift in Sources */,
			);
			runOnlyForDeploymentPostprocessing = 0;
		};
		4DF2C88D26B3E2AA00A79E05 /* Sources */ = {
			isa = PBXSourcesBuildPhase;
			buildActionMask = 2147483647;
			files = (
				4DF2C89426B3E2AA00A79E05 /* UltimatePortfolioUITests.swift in Sources */,
			);
			runOnlyForDeploymentPostprocessing = 0;
		};
/* End PBXSourcesBuildPhase section */

/* Begin PBXTargetDependency section */
		4D467D7326F1D0C400BFCD3D /* PBXTargetDependency */ = {
			isa = PBXTargetDependency;
			target = 4D467D6626F1D0C100BFCD3D /* PortfolioWidgetExtension */;
			targetProxy = 4D467D7226F1D0C400BFCD3D /* PBXContainerItemProxy */;
		};
		4DB8E12226AA9C2B00212493 /* PBXTargetDependency */ = {
			isa = PBXTargetDependency;
			target = 4DCE2A332679E68400653FE9 /* UltimatePortfolio */;
			targetProxy = 4DB8E12126AA9C2B00212493 /* PBXContainerItemProxy */;
		};
		4DF2C89726B3E2AA00A79E05 /* PBXTargetDependency */ = {
			isa = PBXTargetDependency;
			target = 4DCE2A332679E68400653FE9 /* UltimatePortfolio */;
			targetProxy = 4DF2C89626B3E2AA00A79E05 /* PBXContainerItemProxy */;
		};
/* End PBXTargetDependency section */

/* Begin PBXVariantGroup section */
		4DB04F81269C4DFC008DD9D8 /* Localizable.strings */ = {
			isa = PBXVariantGroup;
			children = (
				4DB04F80269C4DFC008DD9D8 /* en */,
				4DB04F82269C4E02008DD9D8 /* hu */,
				4DB04F83269C4E03008DD9D8 /* ru */,
			);
			name = Localizable.strings;
			sourceTree = "<group>";
		};
		4DB04F86269C4EA4008DD9D8 /* Localizable.stringsdict */ = {
			isa = PBXVariantGroup;
			children = (
				4DB04F85269C4EA4008DD9D8 /* en */,
				4DB04F87269C4EAA008DD9D8 /* hu */,
				4DB04F88269C4EAC008DD9D8 /* ru */,
			);
			name = Localizable.stringsdict;
			sourceTree = "<group>";
		};
		4DB04F8B269C4F5C008DD9D8 /* Awards.json */ = {
			isa = PBXVariantGroup;
			children = (
				4DB04F8A269C4F5C008DD9D8 /* en */,
				4DB04F8C269C4F61008DD9D8 /* hu */,
				4DB04F8D269C4F63008DD9D8 /* ru */,
			);
			name = Awards.json;
			sourceTree = "<group>";
		};
/* End PBXVariantGroup section */

/* Begin XCBuildConfiguration section */
		4D467D7626F1D0C400BFCD3D /* Debug */ = {
			isa = XCBuildConfiguration;
			buildSettings = {
				ASSETCATALOG_COMPILER_GLOBAL_ACCENT_COLOR_NAME = AccentColor;
				ASSETCATALOG_COMPILER_WIDGET_BACKGROUND_COLOR_NAME = WidgetBackground;
				CODE_SIGN_ENTITLEMENTS = PortfolioWidgetExtension.entitlements;
				CODE_SIGN_STYLE = Automatic;
				DEVELOPMENT_TEAM = 9Z68336878;
				INFOPLIST_FILE = PortfolioWidget/Info.plist;
				IPHONEOS_DEPLOYMENT_TARGET = 14.5;
				LD_RUNPATH_SEARCH_PATHS = (
					"$(inherited)",
					"@executable_path/Frameworks",
					"@executable_path/../../Frameworks",
				);
				PRODUCT_BUNDLE_IDENTIFIER = com.amikhaylin.UltimatePortfolioApp.PortfolioWidget;
				PRODUCT_NAME = "$(TARGET_NAME)";
				SKIP_INSTALL = YES;
				SWIFT_VERSION = 5.0;
				TARGETED_DEVICE_FAMILY = "1,2";
			};
			name = Debug;
		};
		4D467D7726F1D0C400BFCD3D /* Release */ = {
			isa = XCBuildConfiguration;
			buildSettings = {
				ASSETCATALOG_COMPILER_GLOBAL_ACCENT_COLOR_NAME = AccentColor;
				ASSETCATALOG_COMPILER_WIDGET_BACKGROUND_COLOR_NAME = WidgetBackground;
				CODE_SIGN_ENTITLEMENTS = PortfolioWidgetExtension.entitlements;
				CODE_SIGN_STYLE = Automatic;
				DEVELOPMENT_TEAM = 9Z68336878;
				INFOPLIST_FILE = PortfolioWidget/Info.plist;
				IPHONEOS_DEPLOYMENT_TARGET = 14.5;
				LD_RUNPATH_SEARCH_PATHS = (
					"$(inherited)",
					"@executable_path/Frameworks",
					"@executable_path/../../Frameworks",
				);
				PRODUCT_BUNDLE_IDENTIFIER = com.amikhaylin.UltimatePortfolioApp.PortfolioWidget;
				PRODUCT_NAME = "$(TARGET_NAME)";
				SKIP_INSTALL = YES;
				SWIFT_VERSION = 5.0;
				TARGETED_DEVICE_FAMILY = "1,2";
			};
			name = Release;
		};
		4DB8E12326AA9C2B00212493 /* Debug */ = {
			isa = XCBuildConfiguration;
			buildSettings = {
				BUNDLE_LOADER = "$(TEST_HOST)";
				CODE_SIGN_STYLE = Automatic;
				DEVELOPMENT_TEAM = YP896DRGZY;
				INFOPLIST_FILE = UltimatePortfolioTests/Info.plist;
				LD_RUNPATH_SEARCH_PATHS = (
					"$(inherited)",
					"@executable_path/Frameworks",
					"@loader_path/Frameworks",
				);
				PRODUCT_BUNDLE_IDENTIFIER = com.amikhaylin.UltimatePortfolioTests;
				PRODUCT_NAME = "$(TARGET_NAME)";
				SWIFT_VERSION = 5.0;
				TARGETED_DEVICE_FAMILY = "1,2";
				TEST_HOST = "$(BUILT_PRODUCTS_DIR)/UltimatePortfolio.app/UltimatePortfolio";
			};
			name = Debug;
		};
		4DB8E12426AA9C2B00212493 /* Release */ = {
			isa = XCBuildConfiguration;
			buildSettings = {
				BUNDLE_LOADER = "$(TEST_HOST)";
				CODE_SIGN_STYLE = Automatic;
				DEVELOPMENT_TEAM = YP896DRGZY;
				INFOPLIST_FILE = UltimatePortfolioTests/Info.plist;
				LD_RUNPATH_SEARCH_PATHS = (
					"$(inherited)",
					"@executable_path/Frameworks",
					"@loader_path/Frameworks",
				);
				PRODUCT_BUNDLE_IDENTIFIER = com.amikhaylin.UltimatePortfolioTests;
				PRODUCT_NAME = "$(TARGET_NAME)";
				SWIFT_VERSION = 5.0;
				TARGETED_DEVICE_FAMILY = "1,2";
				TEST_HOST = "$(BUILT_PRODUCTS_DIR)/UltimatePortfolio.app/UltimatePortfolio";
			};
			name = Release;
		};
		4DCE2A412679E68500653FE9 /* Debug */ = {
			isa = XCBuildConfiguration;
			buildSettings = {
				ALWAYS_SEARCH_USER_PATHS = NO;
				CLANG_ANALYZER_LOCALIZABILITY_NONLOCALIZED = YES;
				CLANG_ANALYZER_NONNULL = YES;
				CLANG_ANALYZER_NUMBER_OBJECT_CONVERSION = YES_AGGRESSIVE;
				CLANG_CXX_LANGUAGE_STANDARD = "gnu++14";
				CLANG_CXX_LIBRARY = "libc++";
				CLANG_ENABLE_MODULES = YES;
				CLANG_ENABLE_OBJC_ARC = YES;
				CLANG_ENABLE_OBJC_WEAK = YES;
				CLANG_WARN_BLOCK_CAPTURE_AUTORELEASING = YES;
				CLANG_WARN_BOOL_CONVERSION = YES;
				CLANG_WARN_COMMA = YES;
				CLANG_WARN_CONSTANT_CONVERSION = YES;
				CLANG_WARN_DEPRECATED_OBJC_IMPLEMENTATIONS = YES;
				CLANG_WARN_DIRECT_OBJC_ISA_USAGE = YES_ERROR;
				CLANG_WARN_DOCUMENTATION_COMMENTS = YES;
				CLANG_WARN_EMPTY_BODY = YES;
				CLANG_WARN_ENUM_CONVERSION = YES;
				CLANG_WARN_INFINITE_RECURSION = YES;
				CLANG_WARN_INT_CONVERSION = YES;
				CLANG_WARN_NON_LITERAL_NULL_CONVERSION = YES;
				CLANG_WARN_OBJC_IMPLICIT_RETAIN_SELF = YES;
				CLANG_WARN_OBJC_LITERAL_CONVERSION = YES;
				CLANG_WARN_OBJC_ROOT_CLASS = YES_ERROR;
				CLANG_WARN_QUOTED_INCLUDE_IN_FRAMEWORK_HEADER = YES;
				CLANG_WARN_RANGE_LOOP_ANALYSIS = YES;
				CLANG_WARN_STRICT_PROTOTYPES = YES;
				CLANG_WARN_SUSPICIOUS_MOVE = YES;
				CLANG_WARN_UNGUARDED_AVAILABILITY = YES_AGGRESSIVE;
				CLANG_WARN_UNREACHABLE_CODE = YES;
				CLANG_WARN__DUPLICATE_METHOD_MATCH = YES;
				COPY_PHASE_STRIP = NO;
				DEBUG_INFORMATION_FORMAT = dwarf;
				ENABLE_STRICT_OBJC_MSGSEND = YES;
				ENABLE_TESTABILITY = YES;
				GCC_C_LANGUAGE_STANDARD = gnu11;
				GCC_DYNAMIC_NO_PIC = NO;
				GCC_NO_COMMON_BLOCKS = YES;
				GCC_OPTIMIZATION_LEVEL = 0;
				GCC_PREPROCESSOR_DEFINITIONS = (
					"DEBUG=1",
					"$(inherited)",
				);
				GCC_WARN_64_TO_32_BIT_CONVERSION = YES;
				GCC_WARN_ABOUT_RETURN_TYPE = YES_ERROR;
				GCC_WARN_UNDECLARED_SELECTOR = YES;
				GCC_WARN_UNINITIALIZED_AUTOS = YES_AGGRESSIVE;
				GCC_WARN_UNUSED_FUNCTION = YES;
				GCC_WARN_UNUSED_VARIABLE = YES;
				IPHONEOS_DEPLOYMENT_TARGET = 14.3;
				MTL_ENABLE_DEBUG_INFO = INCLUDE_SOURCE;
				MTL_FAST_MATH = YES;
				ONLY_ACTIVE_ARCH = YES;
				SDKROOT = iphoneos;
				SWIFT_ACTIVE_COMPILATION_CONDITIONS = DEBUG;
				SWIFT_OPTIMIZATION_LEVEL = "-Onone";
			};
			name = Debug;
		};
		4DCE2A422679E68500653FE9 /* Release */ = {
			isa = XCBuildConfiguration;
			buildSettings = {
				ALWAYS_SEARCH_USER_PATHS = NO;
				CLANG_ANALYZER_LOCALIZABILITY_NONLOCALIZED = YES;
				CLANG_ANALYZER_NONNULL = YES;
				CLANG_ANALYZER_NUMBER_OBJECT_CONVERSION = YES_AGGRESSIVE;
				CLANG_CXX_LANGUAGE_STANDARD = "gnu++14";
				CLANG_CXX_LIBRARY = "libc++";
				CLANG_ENABLE_MODULES = YES;
				CLANG_ENABLE_OBJC_ARC = YES;
				CLANG_ENABLE_OBJC_WEAK = YES;
				CLANG_WARN_BLOCK_CAPTURE_AUTORELEASING = YES;
				CLANG_WARN_BOOL_CONVERSION = YES;
				CLANG_WARN_COMMA = YES;
				CLANG_WARN_CONSTANT_CONVERSION = YES;
				CLANG_WARN_DEPRECATED_OBJC_IMPLEMENTATIONS = YES;
				CLANG_WARN_DIRECT_OBJC_ISA_USAGE = YES_ERROR;
				CLANG_WARN_DOCUMENTATION_COMMENTS = YES;
				CLANG_WARN_EMPTY_BODY = YES;
				CLANG_WARN_ENUM_CONVERSION = YES;
				CLANG_WARN_INFINITE_RECURSION = YES;
				CLANG_WARN_INT_CONVERSION = YES;
				CLANG_WARN_NON_LITERAL_NULL_CONVERSION = YES;
				CLANG_WARN_OBJC_IMPLICIT_RETAIN_SELF = YES;
				CLANG_WARN_OBJC_LITERAL_CONVERSION = YES;
				CLANG_WARN_OBJC_ROOT_CLASS = YES_ERROR;
				CLANG_WARN_QUOTED_INCLUDE_IN_FRAMEWORK_HEADER = YES;
				CLANG_WARN_RANGE_LOOP_ANALYSIS = YES;
				CLANG_WARN_STRICT_PROTOTYPES = YES;
				CLANG_WARN_SUSPICIOUS_MOVE = YES;
				CLANG_WARN_UNGUARDED_AVAILABILITY = YES_AGGRESSIVE;
				CLANG_WARN_UNREACHABLE_CODE = YES;
				CLANG_WARN__DUPLICATE_METHOD_MATCH = YES;
				COPY_PHASE_STRIP = NO;
				DEBUG_INFORMATION_FORMAT = "dwarf-with-dsym";
				ENABLE_NS_ASSERTIONS = NO;
				ENABLE_STRICT_OBJC_MSGSEND = YES;
				GCC_C_LANGUAGE_STANDARD = gnu11;
				GCC_NO_COMMON_BLOCKS = YES;
				GCC_WARN_64_TO_32_BIT_CONVERSION = YES;
				GCC_WARN_ABOUT_RETURN_TYPE = YES_ERROR;
				GCC_WARN_UNDECLARED_SELECTOR = YES;
				GCC_WARN_UNINITIALIZED_AUTOS = YES_AGGRESSIVE;
				GCC_WARN_UNUSED_FUNCTION = YES;
				GCC_WARN_UNUSED_VARIABLE = YES;
				IPHONEOS_DEPLOYMENT_TARGET = 14.3;
				MTL_ENABLE_DEBUG_INFO = NO;
				MTL_FAST_MATH = YES;
				SDKROOT = iphoneos;
				SWIFT_COMPILATION_MODE = wholemodule;
				SWIFT_OPTIMIZATION_LEVEL = "-O";
				VALIDATE_PRODUCT = YES;
			};
			name = Release;
		};
		4DCE2A442679E68500653FE9 /* Debug */ = {
			isa = XCBuildConfiguration;
			buildSettings = {
				ALWAYS_EMBED_SWIFT_STANDARD_LIBRARIES = YES;
				ASSETCATALOG_COMPILER_APPICON_NAME = AppIcon;
				ASSETCATALOG_COMPILER_GLOBAL_ACCENT_COLOR_NAME = AccentColor;
				CODE_SIGN_ENTITLEMENTS = UltimatePortfolio/Configuration/UltimatePortfolio.entitlements;
				CODE_SIGN_STYLE = Automatic;
				DEVELOPMENT_ASSET_PATHS = "\"UltimatePortfolio/Preview Content\"";
				DEVELOPMENT_TEAM = 9Z68336878;
				ENABLE_PREVIEWS = YES;
				INFOPLIST_FILE = UltimatePortfolio/Configuration/Info.plist;
				IPHONEOS_DEPLOYMENT_TARGET = 14.0;
				LD_RUNPATH_SEARCH_PATHS = (
					"$(inherited)",
					"@executable_path/Frameworks",
				);
				PRODUCT_BUNDLE_IDENTIFIER = com.amikhaylin.UltimatePortfolioApp;
				PRODUCT_NAME = "$(TARGET_NAME)";
				SWIFT_VERSION = 5.0;
				TARGETED_DEVICE_FAMILY = "1,2";
			};
			name = Debug;
		};
		4DCE2A452679E68500653FE9 /* Release */ = {
			isa = XCBuildConfiguration;
			buildSettings = {
				ALWAYS_EMBED_SWIFT_STANDARD_LIBRARIES = YES;
				ASSETCATALOG_COMPILER_APPICON_NAME = AppIcon;
				ASSETCATALOG_COMPILER_GLOBAL_ACCENT_COLOR_NAME = AccentColor;
				CODE_SIGN_ENTITLEMENTS = UltimatePortfolio/Configuration/UltimatePortfolio.entitlements;
				CODE_SIGN_STYLE = Automatic;
				DEVELOPMENT_ASSET_PATHS = "\"UltimatePortfolio/Preview Content\"";
				DEVELOPMENT_TEAM = 9Z68336878;
				ENABLE_PREVIEWS = YES;
				INFOPLIST_FILE = UltimatePortfolio/Configuration/Info.plist;
				IPHONEOS_DEPLOYMENT_TARGET = 14.0;
				LD_RUNPATH_SEARCH_PATHS = (
					"$(inherited)",
					"@executable_path/Frameworks",
				);
				PRODUCT_BUNDLE_IDENTIFIER = com.amikhaylin.UltimatePortfolioApp;
				PRODUCT_NAME = "$(TARGET_NAME)";
				SWIFT_VERSION = 5.0;
				TARGETED_DEVICE_FAMILY = "1,2";
			};
			name = Release;
		};
		4DF2C89826B3E2AA00A79E05 /* Debug */ = {
			isa = XCBuildConfiguration;
			buildSettings = {
				CODE_SIGN_STYLE = Automatic;
				DEVELOPMENT_TEAM = YP896DRGZY;
				INFOPLIST_FILE = UltimatePortfolioUITests/Info.plist;
				LD_RUNPATH_SEARCH_PATHS = (
					"$(inherited)",
					"@executable_path/Frameworks",
					"@loader_path/Frameworks",
				);
				PRODUCT_BUNDLE_IDENTIFIER = com.amikhaylin.UltimatePortfolioUITests;
				PRODUCT_NAME = "$(TARGET_NAME)";
				SWIFT_VERSION = 5.0;
				TARGETED_DEVICE_FAMILY = "1,2";
				TEST_TARGET_NAME = UltimatePortfolio;
			};
			name = Debug;
		};
		4DF2C89926B3E2AA00A79E05 /* Release */ = {
			isa = XCBuildConfiguration;
			buildSettings = {
				CODE_SIGN_STYLE = Automatic;
				DEVELOPMENT_TEAM = YP896DRGZY;
				INFOPLIST_FILE = UltimatePortfolioUITests/Info.plist;
				LD_RUNPATH_SEARCH_PATHS = (
					"$(inherited)",
					"@executable_path/Frameworks",
					"@loader_path/Frameworks",
				);
				PRODUCT_BUNDLE_IDENTIFIER = com.amikhaylin.UltimatePortfolioUITests;
				PRODUCT_NAME = "$(TARGET_NAME)";
				SWIFT_VERSION = 5.0;
				TARGETED_DEVICE_FAMILY = "1,2";
				TEST_TARGET_NAME = UltimatePortfolio;
			};
			name = Release;
		};
/* End XCBuildConfiguration section */

/* Begin XCConfigurationList section */
		4D467D7826F1D0C400BFCD3D /* Build configuration list for PBXNativeTarget "PortfolioWidgetExtension" */ = {
			isa = XCConfigurationList;
			buildConfigurations = (
				4D467D7626F1D0C400BFCD3D /* Debug */,
				4D467D7726F1D0C400BFCD3D /* Release */,
			);
			defaultConfigurationIsVisible = 0;
			defaultConfigurationName = Release;
		};
		4DB8E12526AA9C2B00212493 /* Build configuration list for PBXNativeTarget "UltimatePortfolioTests" */ = {
			isa = XCConfigurationList;
			buildConfigurations = (
				4DB8E12326AA9C2B00212493 /* Debug */,
				4DB8E12426AA9C2B00212493 /* Release */,
			);
			defaultConfigurationIsVisible = 0;
			defaultConfigurationName = Release;
		};
		4DCE2A2F2679E68400653FE9 /* Build configuration list for PBXProject "UltimatePortfolio" */ = {
			isa = XCConfigurationList;
			buildConfigurations = (
				4DCE2A412679E68500653FE9 /* Debug */,
				4DCE2A422679E68500653FE9 /* Release */,
			);
			defaultConfigurationIsVisible = 0;
			defaultConfigurationName = Release;
		};
		4DCE2A432679E68500653FE9 /* Build configuration list for PBXNativeTarget "UltimatePortfolio" */ = {
			isa = XCConfigurationList;
			buildConfigurations = (
				4DCE2A442679E68500653FE9 /* Debug */,
				4DCE2A452679E68500653FE9 /* Release */,
			);
			defaultConfigurationIsVisible = 0;
			defaultConfigurationName = Release;
		};
		4DF2C89A26B3E2AA00A79E05 /* Build configuration list for PBXNativeTarget "UltimatePortfolioUITests" */ = {
			isa = XCConfigurationList;
			buildConfigurations = (
				4DF2C89826B3E2AA00A79E05 /* Debug */,
				4DF2C89926B3E2AA00A79E05 /* Release */,
			);
			defaultConfigurationIsVisible = 0;
			defaultConfigurationName = Release;
		};
/* End XCConfigurationList section */

/* Begin XCVersionGroup section */
		4DCE2A48267B365100653FE9 /* Main.xcdatamodeld */ = {
			isa = XCVersionGroup;
			children = (
				4DCE2A49267B365100653FE9 /* Main.xcdatamodel */,
			);
			currentVersion = 4DCE2A49267B365100653FE9 /* Main.xcdatamodel */;
			path = Main.xcdatamodeld;
			sourceTree = "<group>";
			versionGroupType = wrapper.xcdatamodel;
		};
/* End XCVersionGroup section */
	};
	rootObject = 4DCE2A2C2679E68400653FE9 /* Project object */;
}
