// !$*UTF8*$!
{
	archiveVersion = 1;
	classes = {
	};
	objectVersion = 50;
	objects = {

/* Begin PBXBuildFile section */
		4D13C0E226848615005CB69C /* EditItemView.swift in Sources */ = {isa = PBXBuildFile; fileRef = 4D13C0E126848615005CB69C /* EditItemView.swift */; };
		4D13C0E426849D4C005CB69C /* ItemRowView.swift in Sources */ = {isa = PBXBuildFile; fileRef = 4D13C0E326849D4C005CB69C /* ItemRowView.swift */; };
		4D16477E2680F24D0049AB27 /* Item-CoreDataHelpers.swift in Sources */ = {isa = PBXBuildFile; fileRef = 4D16477D2680F24D0049AB27 /* Item-CoreDataHelpers.swift */; };
		4D1647802680F39B0049AB27 /* Project-CoreDataHelpers.swift in Sources */ = {isa = PBXBuildFile; fileRef = 4D16477F2680F39B0049AB27 /* Project-CoreDataHelpers.swift */; };
		4D3627B92689AF09009D73A3 /* ProjectHeaderView.swift in Sources */ = {isa = PBXBuildFile; fileRef = 4D3627B82689AF09009D73A3 /* ProjectHeaderView.swift */; };
		4D3627BB2689B2E8009D73A3 /* Colors.xcassets in Resources */ = {isa = PBXBuildFile; fileRef = 4D3627BA2689B2E8009D73A3 /* Colors.xcassets */; };
		4D7D50852685CF0300A932D4 /* Binding-OnChange.swift in Sources */ = {isa = PBXBuildFile; fileRef = 4D7D50842685CF0300A932D4 /* Binding-OnChange.swift */; };
		4DCE2A382679E68400653FE9 /* UltimatePortfolioApp.swift in Sources */ = {isa = PBXBuildFile; fileRef = 4DCE2A372679E68400653FE9 /* UltimatePortfolioApp.swift */; };
		4DCE2A3A2679E68400653FE9 /* ContentView.swift in Sources */ = {isa = PBXBuildFile; fileRef = 4DCE2A392679E68400653FE9 /* ContentView.swift */; };
		4DCE2A3C2679E68500653FE9 /* Assets.xcassets in Resources */ = {isa = PBXBuildFile; fileRef = 4DCE2A3B2679E68500653FE9 /* Assets.xcassets */; };
		4DCE2A3F2679E68500653FE9 /* Preview Assets.xcassets in Resources */ = {isa = PBXBuildFile; fileRef = 4DCE2A3E2679E68500653FE9 /* Preview Assets.xcassets */; };
		4DCE2A472679E72200653FE9 /* README.md in Resources */ = {isa = PBXBuildFile; fileRef = 4DCE2A462679E72200653FE9 /* README.md */; };
		4DCE2A4A267B365100653FE9 /* Main.xcdatamodeld in Sources */ = {isa = PBXBuildFile; fileRef = 4DCE2A48267B365100653FE9 /* Main.xcdatamodeld */; };
		4DCE2A4C267B3AA900653FE9 /* DataController.swift in Sources */ = {isa = PBXBuildFile; fileRef = 4DCE2A4B267B3AA900653FE9 /* DataController.swift */; };
		4DCE2A50267B530200653FE9 /* CloudKit.framework in Frameworks */ = {isa = PBXBuildFile; fileRef = 4DCE2A4F267B530200653FE9 /* CloudKit.framework */; };
		4DCE2A52267C97DB00653FE9 /* HomeView.swift in Sources */ = {isa = PBXBuildFile; fileRef = 4DCE2A51267C97DB00653FE9 /* HomeView.swift */; };
		4DCE2A54267C986100653FE9 /* ProjectsView.swift in Sources */ = {isa = PBXBuildFile; fileRef = 4DCE2A53267C986100653FE9 /* ProjectsView.swift */; };
/* End PBXBuildFile section */

/* Begin PBXFileReference section */
		4D13C0E126848615005CB69C /* EditItemView.swift */ = {isa = PBXFileReference; lastKnownFileType = sourcecode.swift; path = EditItemView.swift; sourceTree = "<group>"; };
		4D13C0E326849D4C005CB69C /* ItemRowView.swift */ = {isa = PBXFileReference; lastKnownFileType = sourcecode.swift; path = ItemRowView.swift; sourceTree = "<group>"; };
		4D16477D2680F24D0049AB27 /* Item-CoreDataHelpers.swift */ = {isa = PBXFileReference; lastKnownFileType = sourcecode.swift; path = "Item-CoreDataHelpers.swift"; sourceTree = "<group>"; };
		4D16477F2680F39B0049AB27 /* Project-CoreDataHelpers.swift */ = {isa = PBXFileReference; lastKnownFileType = sourcecode.swift; path = "Project-CoreDataHelpers.swift"; sourceTree = "<group>"; };
		4D3627B82689AF09009D73A3 /* ProjectHeaderView.swift */ = {isa = PBXFileReference; lastKnownFileType = sourcecode.swift; path = ProjectHeaderView.swift; sourceTree = "<group>"; };
		4D3627BA2689B2E8009D73A3 /* Colors.xcassets */ = {isa = PBXFileReference; lastKnownFileType = folder.assetcatalog; path = Colors.xcassets; sourceTree = "<group>"; };
		4D7D50842685CF0300A932D4 /* Binding-OnChange.swift */ = {isa = PBXFileReference; lastKnownFileType = sourcecode.swift; path = "Binding-OnChange.swift"; sourceTree = "<group>"; };
		4DCE2A342679E68400653FE9 /* UltimatePortfolio.app */ = {isa = PBXFileReference; explicitFileType = wrapper.application; includeInIndex = 0; path = UltimatePortfolio.app; sourceTree = BUILT_PRODUCTS_DIR; };
		4DCE2A372679E68400653FE9 /* UltimatePortfolioApp.swift */ = {isa = PBXFileReference; lastKnownFileType = sourcecode.swift; path = UltimatePortfolioApp.swift; sourceTree = "<group>"; };
		4DCE2A392679E68400653FE9 /* ContentView.swift */ = {isa = PBXFileReference; lastKnownFileType = sourcecode.swift; path = ContentView.swift; sourceTree = "<group>"; };
		4DCE2A3B2679E68500653FE9 /* Assets.xcassets */ = {isa = PBXFileReference; lastKnownFileType = folder.assetcatalog; path = Assets.xcassets; sourceTree = "<group>"; };
		4DCE2A3E2679E68500653FE9 /* Preview Assets.xcassets */ = {isa = PBXFileReference; lastKnownFileType = folder.assetcatalog; path = "Preview Assets.xcassets"; sourceTree = "<group>"; };
		4DCE2A402679E68500653FE9 /* Info.plist */ = {isa = PBXFileReference; lastKnownFileType = text.plist.xml; path = Info.plist; sourceTree = "<group>"; };
		4DCE2A462679E72200653FE9 /* README.md */ = {isa = PBXFileReference; fileEncoding = 4; lastKnownFileType = net.daringfireball.markdown; path = README.md; sourceTree = "<group>"; };
		4DCE2A49267B365100653FE9 /* Main.xcdatamodel */ = {isa = PBXFileReference; lastKnownFileType = wrapper.xcdatamodel; path = Main.xcdatamodel; sourceTree = "<group>"; };
		4DCE2A4B267B3AA900653FE9 /* DataController.swift */ = {isa = PBXFileReference; lastKnownFileType = sourcecode.swift; path = DataController.swift; sourceTree = "<group>"; };
		4DCE2A4D267B526100653FE9 /* UltimatePortfolio.entitlements */ = {isa = PBXFileReference; lastKnownFileType = text.plist.entitlements; path = UltimatePortfolio.entitlements; sourceTree = "<group>"; };
		4DCE2A4F267B530200653FE9 /* CloudKit.framework */ = {isa = PBXFileReference; lastKnownFileType = wrapper.framework; name = CloudKit.framework; path = System/Library/Frameworks/CloudKit.framework; sourceTree = SDKROOT; };
		4DCE2A51267C97DB00653FE9 /* HomeView.swift */ = {isa = PBXFileReference; lastKnownFileType = sourcecode.swift; path = HomeView.swift; sourceTree = "<group>"; };
		4DCE2A53267C986100653FE9 /* ProjectsView.swift */ = {isa = PBXFileReference; lastKnownFileType = sourcecode.swift; path = ProjectsView.swift; sourceTree = "<group>"; };
/* End PBXFileReference section */

/* Begin PBXFrameworksBuildPhase section */
		4DCE2A312679E68400653FE9 /* Frameworks */ = {
			isa = PBXFrameworksBuildPhase;
			buildActionMask = 2147483647;
			files = (
				4DCE2A50267B530200653FE9 /* CloudKit.framework in Frameworks */,
			);
			runOnlyForDeploymentPostprocessing = 0;
		};
/* End PBXFrameworksBuildPhase section */

/* Begin PBXGroup section */
		4DCE2A2B2679E68400653FE9 = {
			isa = PBXGroup;
			children = (
				4DCE2A462679E72200653FE9 /* README.md */,
				4DCE2A362679E68400653FE9 /* UltimatePortfolio */,
				4DCE2A352679E68400653FE9 /* Products */,
				4DCE2A4E267B530200653FE9 /* Frameworks */,
			);
			sourceTree = "<group>";
		};
		4DCE2A352679E68400653FE9 /* Products */ = {
			isa = PBXGroup;
			children = (
				4DCE2A342679E68400653FE9 /* UltimatePortfolio.app */,
			);
			name = Products;
			sourceTree = "<group>";
		};
		4DCE2A362679E68400653FE9 /* UltimatePortfolio */ = {
			isa = PBXGroup;
			children = (
				4DCE2A4D267B526100653FE9 /* UltimatePortfolio.entitlements */,
				4DCE2A51267C97DB00653FE9 /* HomeView.swift */,
				4DCE2A53267C986100653FE9 /* ProjectsView.swift */,
				4DCE2A372679E68400653FE9 /* UltimatePortfolioApp.swift */,
				4D3627B82689AF09009D73A3 /* ProjectHeaderView.swift */,
				4DCE2A48267B365100653FE9 /* Main.xcdatamodeld */,
				4D7D50842685CF0300A932D4 /* Binding-OnChange.swift */,
				4DCE2A4B267B3AA900653FE9 /* DataController.swift */,
				4DCE2A392679E68400653FE9 /* ContentView.swift */,
				4D13C0E126848615005CB69C /* EditItemView.swift */,
				4D13C0E326849D4C005CB69C /* ItemRowView.swift */,
				4D16477D2680F24D0049AB27 /* Item-CoreDataHelpers.swift */,
				4D16477F2680F39B0049AB27 /* Project-CoreDataHelpers.swift */,
				4D3627BA2689B2E8009D73A3 /* Colors.xcassets */,
				4DCE2A3B2679E68500653FE9 /* Assets.xcassets */,
				4DCE2A402679E68500653FE9 /* Info.plist */,
				4DCE2A3D2679E68500653FE9 /* Preview Content */,
			);
			path = UltimatePortfolio;
			sourceTree = "<group>";
		};
		4DCE2A3D2679E68500653FE9 /* Preview Content */ = {
			isa = PBXGroup;
			children = (
				4DCE2A3E2679E68500653FE9 /* Preview Assets.xcassets */,
			);
			path = "Preview Content";
			sourceTree = "<group>";
		};
		4DCE2A4E267B530200653FE9 /* Frameworks */ = {
			isa = PBXGroup;
			children = (
				4DCE2A4F267B530200653FE9 /* CloudKit.framework */,
			);
			name = Frameworks;
			sourceTree = "<group>";
		};
/* End PBXGroup section */

/* Begin PBXNativeTarget section */
		4DCE2A332679E68400653FE9 /* UltimatePortfolio */ = {
			isa = PBXNativeTarget;
			buildConfigurationList = 4DCE2A432679E68500653FE9 /* Build configuration list for PBXNativeTarget "UltimatePortfolio" */;
			buildPhases = (
				4DCE2A302679E68400653FE9 /* Sources */,
				4DCE2A312679E68400653FE9 /* Frameworks */,
				4DCE2A322679E68400653FE9 /* Resources */,
			);
			buildRules = (
			);
			dependencies = (
			);
			name = UltimatePortfolio;
			productName = UltimatePortfolio;
			productReference = 4DCE2A342679E68400653FE9 /* UltimatePortfolio.app */;
			productType = "com.apple.product-type.application";
		};
/* End PBXNativeTarget section */

/* Begin PBXProject section */
		4DCE2A2C2679E68400653FE9 /* Project object */ = {
			isa = PBXProject;
			attributes = {
				LastSwiftUpdateCheck = 1250;
				LastUpgradeCheck = 1250;
				TargetAttributes = {
					4DCE2A332679E68400653FE9 = {
						CreatedOnToolsVersion = 12.5;
					};
				};
			};
			buildConfigurationList = 4DCE2A2F2679E68400653FE9 /* Build configuration list for PBXProject "UltimatePortfolio" */;
			compatibilityVersion = "Xcode 9.3";
			developmentRegion = en;
			hasScannedForEncodings = 0;
			knownRegions = (
				en,
				Base,
			);
			mainGroup = 4DCE2A2B2679E68400653FE9;
			productRefGroup = 4DCE2A352679E68400653FE9 /* Products */;
			projectDirPath = "";
			projectRoot = "";
			targets = (
				4DCE2A332679E68400653FE9 /* UltimatePortfolio */,
			);
		};
/* End PBXProject section */

/* Begin PBXResourcesBuildPhase section */
		4DCE2A322679E68400653FE9 /* Resources */ = {
			isa = PBXResourcesBuildPhase;
			buildActionMask = 2147483647;
			files = (
				4DCE2A472679E72200653FE9 /* README.md in Resources */,
				4D3627BB2689B2E8009D73A3 /* Colors.xcassets in Resources */,
				4DCE2A3F2679E68500653FE9 /* Preview Assets.xcassets in Resources */,
				4DCE2A3C2679E68500653FE9 /* Assets.xcassets in Resources */,
			);
			runOnlyForDeploymentPostprocessing = 0;
		};
/* End PBXResourcesBuildPhase section */

/* Begin PBXSourcesBuildPhase section */
		4DCE2A302679E68400653FE9 /* Sources */ = {
			isa = PBXSourcesBuildPhase;
			buildActionMask = 2147483647;
			files = (
				4DCE2A54267C986100653FE9 /* ProjectsView.swift in Sources */,
				4D3627B92689AF09009D73A3 /* ProjectHeaderView.swift in Sources */,
				4DCE2A4A267B365100653FE9 /* Main.xcdatamodeld in Sources */,
				4D1647802680F39B0049AB27 /* Project-CoreDataHelpers.swift in Sources */,
				4DCE2A4C267B3AA900653FE9 /* DataController.swift in Sources */,
				4D13C0E426849D4C005CB69C /* ItemRowView.swift in Sources */,
				4DCE2A3A2679E68400653FE9 /* ContentView.swift in Sources */,
				4D7D50852685CF0300A932D4 /* Binding-OnChange.swift in Sources */,
				4DCE2A52267C97DB00653FE9 /* HomeView.swift in Sources */,
				4DCE2A382679E68400653FE9 /* UltimatePortfolioApp.swift in Sources */,
				4D16477E2680F24D0049AB27 /* Item-CoreDataHelpers.swift in Sources */,
				4D13C0E226848615005CB69C /* EditItemView.swift in Sources */,
			);
			runOnlyForDeploymentPostprocessing = 0;
		};
/* End PBXSourcesBuildPhase section */

/* Begin XCBuildConfiguration section */
		4DCE2A412679E68500653FE9 /* Debug */ = {
			isa = XCBuildConfiguration;
			buildSettings = {
				ALWAYS_SEARCH_USER_PATHS = NO;
				CLANG_ANALYZER_NONNULL = YES;
				CLANG_ANALYZER_NUMBER_OBJECT_CONVERSION = YES_AGGRESSIVE;
				CLANG_CXX_LANGUAGE_STANDARD = "gnu++14";
				CLANG_CXX_LIBRARY = "libc++";
				CLANG_ENABLE_MODULES = YES;
				CLANG_ENABLE_OBJC_ARC = YES;
				CLANG_ENABLE_OBJC_WEAK = YES;
				CLANG_WARN_BLOCK_CAPTURE_AUTORELEASING = YES;
				CLANG_WARN_BOOL_CONVERSION = YES;
				CLANG_WARN_COMMA = YES;
				CLANG_WARN_CONSTANT_CONVERSION = YES;
				CLANG_WARN_DEPRECATED_OBJC_IMPLEMENTATIONS = YES;
				CLANG_WARN_DIRECT_OBJC_ISA_USAGE = YES_ERROR;
				CLANG_WARN_DOCUMENTATION_COMMENTS = YES;
				CLANG_WARN_EMPTY_BODY = YES;
				CLANG_WARN_ENUM_CONVERSION = YES;
				CLANG_WARN_INFINITE_RECURSION = YES;
				CLANG_WARN_INT_CONVERSION = YES;
				CLANG_WARN_NON_LITERAL_NULL_CONVERSION = YES;
				CLANG_WARN_OBJC_IMPLICIT_RETAIN_SELF = YES;
				CLANG_WARN_OBJC_LITERAL_CONVERSION = YES;
				CLANG_WARN_OBJC_ROOT_CLASS = YES_ERROR;
				CLANG_WARN_QUOTED_INCLUDE_IN_FRAMEWORK_HEADER = YES;
				CLANG_WARN_RANGE_LOOP_ANALYSIS = YES;
				CLANG_WARN_STRICT_PROTOTYPES = YES;
				CLANG_WARN_SUSPICIOUS_MOVE = YES;
				CLANG_WARN_UNGUARDED_AVAILABILITY = YES_AGGRESSIVE;
				CLANG_WARN_UNREACHABLE_CODE = YES;
				CLANG_WARN__DUPLICATE_METHOD_MATCH = YES;
				COPY_PHASE_STRIP = NO;
				DEBUG_INFORMATION_FORMAT = dwarf;
				ENABLE_STRICT_OBJC_MSGSEND = YES;
				ENABLE_TESTABILITY = YES;
				GCC_C_LANGUAGE_STANDARD = gnu11;
				GCC_DYNAMIC_NO_PIC = NO;
				GCC_NO_COMMON_BLOCKS = YES;
				GCC_OPTIMIZATION_LEVEL = 0;
				GCC_PREPROCESSOR_DEFINITIONS = (
					"DEBUG=1",
					"$(inherited)",
				);
				GCC_WARN_64_TO_32_BIT_CONVERSION = YES;
				GCC_WARN_ABOUT_RETURN_TYPE = YES_ERROR;
				GCC_WARN_UNDECLARED_SELECTOR = YES;
				GCC_WARN_UNINITIALIZED_AUTOS = YES_AGGRESSIVE;
				GCC_WARN_UNUSED_FUNCTION = YES;
				GCC_WARN_UNUSED_VARIABLE = YES;
				IPHONEOS_DEPLOYMENT_TARGET = 14.5;
				MTL_ENABLE_DEBUG_INFO = INCLUDE_SOURCE;
				MTL_FAST_MATH = YES;
				ONLY_ACTIVE_ARCH = YES;
				SDKROOT = iphoneos;
				SWIFT_ACTIVE_COMPILATION_CONDITIONS = DEBUG;
				SWIFT_OPTIMIZATION_LEVEL = "-Onone";
			};
			name = Debug;
		};
		4DCE2A422679E68500653FE9 /* Release */ = {
			isa = XCBuildConfiguration;
			buildSettings = {
				ALWAYS_SEARCH_USER_PATHS = NO;
				CLANG_ANALYZER_NONNULL = YES;
				CLANG_ANALYZER_NUMBER_OBJECT_CONVERSION = YES_AGGRESSIVE;
				CLANG_CXX_LANGUAGE_STANDARD = "gnu++14";
				CLANG_CXX_LIBRARY = "libc++";
				CLANG_ENABLE_MODULES = YES;
				CLANG_ENABLE_OBJC_ARC = YES;
				CLANG_ENABLE_OBJC_WEAK = YES;
				CLANG_WARN_BLOCK_CAPTURE_AUTORELEASING = YES;
				CLANG_WARN_BOOL_CONVERSION = YES;
				CLANG_WARN_COMMA = YES;
				CLANG_WARN_CONSTANT_CONVERSION = YES;
				CLANG_WARN_DEPRECATED_OBJC_IMPLEMENTATIONS = YES;
				CLANG_WARN_DIRECT_OBJC_ISA_USAGE = YES_ERROR;
				CLANG_WARN_DOCUMENTATION_COMMENTS = YES;
				CLANG_WARN_EMPTY_BODY = YES;
				CLANG_WARN_ENUM_CONVERSION = YES;
				CLANG_WARN_INFINITE_RECURSION = YES;
				CLANG_WARN_INT_CONVERSION = YES;
				CLANG_WARN_NON_LITERAL_NULL_CONVERSION = YES;
				CLANG_WARN_OBJC_IMPLICIT_RETAIN_SELF = YES;
				CLANG_WARN_OBJC_LITERAL_CONVERSION = YES;
				CLANG_WARN_OBJC_ROOT_CLASS = YES_ERROR;
				CLANG_WARN_QUOTED_INCLUDE_IN_FRAMEWORK_HEADER = YES;
				CLANG_WARN_RANGE_LOOP_ANALYSIS = YES;
				CLANG_WARN_STRICT_PROTOTYPES = YES;
				CLANG_WARN_SUSPICIOUS_MOVE = YES;
				CLANG_WARN_UNGUARDED_AVAILABILITY = YES_AGGRESSIVE;
				CLANG_WARN_UNREACHABLE_CODE = YES;
				CLANG_WARN__DUPLICATE_METHOD_MATCH = YES;
				COPY_PHASE_STRIP = NO;
				DEBUG_INFORMATION_FORMAT = "dwarf-with-dsym";
				ENABLE_NS_ASSERTIONS = NO;
				ENABLE_STRICT_OBJC_MSGSEND = YES;
				GCC_C_LANGUAGE_STANDARD = gnu11;
				GCC_NO_COMMON_BLOCKS = YES;
				GCC_WARN_64_TO_32_BIT_CONVERSION = YES;
				GCC_WARN_ABOUT_RETURN_TYPE = YES_ERROR;
				GCC_WARN_UNDECLARED_SELECTOR = YES;
				GCC_WARN_UNINITIALIZED_AUTOS = YES_AGGRESSIVE;
				GCC_WARN_UNUSED_FUNCTION = YES;
				GCC_WARN_UNUSED_VARIABLE = YES;
				IPHONEOS_DEPLOYMENT_TARGET = 14.5;
				MTL_ENABLE_DEBUG_INFO = NO;
				MTL_FAST_MATH = YES;
				SDKROOT = iphoneos;
				SWIFT_COMPILATION_MODE = wholemodule;
				SWIFT_OPTIMIZATION_LEVEL = "-O";
				VALIDATE_PRODUCT = YES;
			};
			name = Release;
		};
		4DCE2A442679E68500653FE9 /* Debug */ = {
			isa = XCBuildConfiguration;
			buildSettings = {
				ASSETCATALOG_COMPILER_APPICON_NAME = AppIcon;
				ASSETCATALOG_COMPILER_GLOBAL_ACCENT_COLOR_NAME = AccentColor;
				CODE_SIGN_ENTITLEMENTS = UltimatePortfolio/UltimatePortfolio.entitlements;
				CODE_SIGN_STYLE = Automatic;
				DEVELOPMENT_ASSET_PATHS = "\"UltimatePortfolio/Preview Content\"";
				DEVELOPMENT_TEAM = 9Z68336878;
				ENABLE_PREVIEWS = YES;
				INFOPLIST_FILE = UltimatePortfolio/Info.plist;
				IPHONEOS_DEPLOYMENT_TARGET = 14.0;
				LD_RUNPATH_SEARCH_PATHS = (
					"$(inherited)",
					"@executable_path/Frameworks",
				);
				PRODUCT_BUNDLE_IDENTIFIER = com.amikhaylin.UltimatePortfolioApp;
				PRODUCT_NAME = "$(TARGET_NAME)";
				SWIFT_VERSION = 5.0;
				TARGETED_DEVICE_FAMILY = "1,2";
			};
			name = Debug;
		};
		4DCE2A452679E68500653FE9 /* Release */ = {
			isa = XCBuildConfiguration;
			buildSettings = {
				ASSETCATALOG_COMPILER_APPICON_NAME = AppIcon;
				ASSETCATALOG_COMPILER_GLOBAL_ACCENT_COLOR_NAME = AccentColor;
				CODE_SIGN_ENTITLEMENTS = UltimatePortfolio/UltimatePortfolio.entitlements;
				CODE_SIGN_STYLE = Automatic;
				DEVELOPMENT_ASSET_PATHS = "\"UltimatePortfolio/Preview Content\"";
				DEVELOPMENT_TEAM = 9Z68336878;
				ENABLE_PREVIEWS = YES;
				INFOPLIST_FILE = UltimatePortfolio/Info.plist;
				IPHONEOS_DEPLOYMENT_TARGET = 14.0;
				LD_RUNPATH_SEARCH_PATHS = (
					"$(inherited)",
					"@executable_path/Frameworks",
				);
				PRODUCT_BUNDLE_IDENTIFIER = com.amikhaylin.UltimatePortfolioApp;
				PRODUCT_NAME = "$(TARGET_NAME)";
				SWIFT_VERSION = 5.0;
				TARGETED_DEVICE_FAMILY = "1,2";
			};
			name = Release;
		};
/* End XCBuildConfiguration section */

/* Begin XCConfigurationList section */
		4DCE2A2F2679E68400653FE9 /* Build configuration list for PBXProject "UltimatePortfolio" */ = {
			isa = XCConfigurationList;
			buildConfigurations = (
				4DCE2A412679E68500653FE9 /* Debug */,
				4DCE2A422679E68500653FE9 /* Release */,
			);
			defaultConfigurationIsVisible = 0;
			defaultConfigurationName = Release;
		};
		4DCE2A432679E68500653FE9 /* Build configuration list for PBXNativeTarget "UltimatePortfolio" */ = {
			isa = XCConfigurationList;
			buildConfigurations = (
				4DCE2A442679E68500653FE9 /* Debug */,
				4DCE2A452679E68500653FE9 /* Release */,
			);
			defaultConfigurationIsVisible = 0;
			defaultConfigurationName = Release;
		};
/* End XCConfigurationList section */

/* Begin XCVersionGroup section */
		4DCE2A48267B365100653FE9 /* Main.xcdatamodeld */ = {
			isa = XCVersionGroup;
			children = (
				4DCE2A49267B365100653FE9 /* Main.xcdatamodel */,
			);
			currentVersion = 4DCE2A49267B365100653FE9 /* Main.xcdatamodel */;
			path = Main.xcdatamodeld;
			sourceTree = "<group>";
			versionGroupType = wrapper.xcdatamodel;
		};
/* End XCVersionGroup section */
	};
	rootObject = 4DCE2A2C2679E68400653FE9 /* Project object */;
}
